// !$*UTF8*$!
{
	archiveVersion = 1;
	classes = {
	};
	objectVersion = 56;
	objects = {

/* Begin PBXBuildFile section */
		AA17C6492A3CA0D2006F04FD /* Date.swift in Sources */ = {isa = PBXBuildFile; fileRef = AA17C6482A3CA0D2006F04FD /* Date.swift */; };
		AA17C64C2A3CB3F5006F04FD /* SearchResultsView.swift in Sources */ = {isa = PBXBuildFile; fileRef = AA17C64B2A3CB3F5006F04FD /* SearchResultsView.swift */; };
		AA17C64E2A3CB501006F04FD /* SearchResultsVM.swift in Sources */ = {isa = PBXBuildFile; fileRef = AA17C64D2A3CB501006F04FD /* SearchResultsVM.swift */; };
		AA17C6502A3CB51E006F04FD /* SearchResultsModel.swift in Sources */ = {isa = PBXBuildFile; fileRef = AA17C64F2A3CB51E006F04FD /* SearchResultsModel.swift */; };
		AA400A352A3B2A2E006C5448 /* ProfileView.swift in Sources */ = {isa = PBXBuildFile; fileRef = AA400A342A3B2A2E006C5448 /* ProfileView.swift */; };
		AA400A372A3B2A9B006C5448 /* ProfileLoginSwitcher.swift in Sources */ = {isa = PBXBuildFile; fileRef = AA400A362A3B2A9B006C5448 /* ProfileLoginSwitcher.swift */; };
		AA400A3A2A3B2FBF006C5448 /* LoginVM.swift in Sources */ = {isa = PBXBuildFile; fileRef = AA400A392A3B2FBF006C5448 /* LoginVM.swift */; };
		AA400A3C2A3B3173006C5448 /* Networking.swift in Sources */ = {isa = PBXBuildFile; fileRef = AA400A3B2A3B3173006C5448 /* Networking.swift */; };
		AA400A3E2A3B3260006C5448 /* LoginView.swift in Sources */ = {isa = PBXBuildFile; fileRef = AA400A3D2A3B3260006C5448 /* LoginView.swift */; };
		AA400A402A3B370D006C5448 /* Authentication.swift in Sources */ = {isa = PBXBuildFile; fileRef = AA400A3F2A3B370D006C5448 /* Authentication.swift */; };
		AAE4ED1B2A3BAFED00ED630C /* HeadingView.swift in Sources */ = {isa = PBXBuildFile; fileRef = AAE4ED1A2A3BAFED00ED630C /* HeadingView.swift */; };
		AAE4ED1D2A3BB50B00ED630C /* Color.swift in Sources */ = {isa = PBXBuildFile; fileRef = AAE4ED1C2A3BB50B00ED630C /* Color.swift */; };
		AAF4C3212A38AA5B0082C142 /* MusicApp.swift in Sources */ = {isa = PBXBuildFile; fileRef = AAF4C3202A38AA5B0082C142 /* MusicApp.swift */; };
		AAF4C3232A38AA5B0082C142 /* ContentView.swift in Sources */ = {isa = PBXBuildFile; fileRef = AAF4C3222A38AA5B0082C142 /* ContentView.swift */; };
		AAF4C3252A38AA5C0082C142 /* Assets.xcassets in Resources */ = {isa = PBXBuildFile; fileRef = AAF4C3242A38AA5C0082C142 /* Assets.xcassets */; };
		AAF4C3282A38AA5C0082C142 /* Preview Assets.xcassets in Resources */ = {isa = PBXBuildFile; fileRef = AAF4C3272A38AA5C0082C142 /* Preview Assets.xcassets */; };
		AAF4C3312A38AACF0082C142 /* TeacherView.swift in Sources */ = {isa = PBXBuildFile; fileRef = AAF4C3302A38AACF0082C142 /* TeacherView.swift */; };
		AAF4C3332A38AAE20082C142 /* TeacherVM.swift in Sources */ = {isa = PBXBuildFile; fileRef = AAF4C3322A38AAE20082C142 /* TeacherVM.swift */; };
		AAF4C3362A38AB220082C142 /* TeacherModel.swift in Sources */ = {isa = PBXBuildFile; fileRef = AAF4C3352A38AB220082C142 /* TeacherModel.swift */; };
		AAF4C3392A38B6770082C142 /* NetworkingManager.swift in Sources */ = {isa = PBXBuildFile; fileRef = AAF4C3382A38B6770082C142 /* NetworkingManager.swift */; };
		AAF4C33D2A38CA6F0082C142 /* Endpoint.swift in Sources */ = {isa = PBXBuildFile; fileRef = AAF4C33C2A38CA6F0082C142 /* Endpoint.swift */; };
		AAF4C3452A39D4AF0082C142 /* MusicAppTests.swift in Sources */ = {isa = PBXBuildFile; fileRef = AAF4C3442A39D4AF0082C142 /* MusicAppTests.swift */; };
		AAF4C34C2A39D8C50082C142 /* SignupModel.swift in Sources */ = {isa = PBXBuildFile; fileRef = AAF4C34B2A39D8C50082C142 /* SignupModel.swift */; };
		AAF4C34F2A39D91E0082C142 /* SignupVM.swift in Sources */ = {isa = PBXBuildFile; fileRef = AAF4C34E2A39D91E0082C142 /* SignupVM.swift */; };
		AAF4C3512A39D9E80082C142 /* SignupView.swift in Sources */ = {isa = PBXBuildFile; fileRef = AAF4C3502A39D9E80082C142 /* SignupView.swift */; };
		AAF4C3542A39F9040082C142 /* SignupValidator.swift in Sources */ = {isa = PBXBuildFile; fileRef = AAF4C3532A39F9040082C142 /* SignupValidator.swift */; };
/* End PBXBuildFile section */

/* Begin PBXContainerItemProxy section */
		AAF4C3462A39D4AF0082C142 /* PBXContainerItemProxy */ = {
			isa = PBXContainerItemProxy;
			containerPortal = AAF4C3152A38AA5B0082C142 /* Project object */;
			proxyType = 1;
			remoteGlobalIDString = AAF4C31C2A38AA5B0082C142;
			remoteInfo = MusicApp;
		};
/* End PBXContainerItemProxy section */

/* Begin PBXFileReference section */
		AA17C6482A3CA0D2006F04FD /* Date.swift */ = {isa = PBXFileReference; lastKnownFileType = sourcecode.swift; path = Date.swift; sourceTree = "<group>"; };
		AA17C64B2A3CB3F5006F04FD /* SearchResultsView.swift */ = {isa = PBXFileReference; lastKnownFileType = sourcecode.swift; path = SearchResultsView.swift; sourceTree = "<group>"; };
		AA17C64D2A3CB501006F04FD /* SearchResultsVM.swift */ = {isa = PBXFileReference; lastKnownFileType = sourcecode.swift; path = SearchResultsVM.swift; sourceTree = "<group>"; };
		AA17C64F2A3CB51E006F04FD /* SearchResultsModel.swift */ = {isa = PBXFileReference; lastKnownFileType = sourcecode.swift; path = SearchResultsModel.swift; sourceTree = "<group>"; };
		AA400A342A3B2A2E006C5448 /* ProfileView.swift */ = {isa = PBXFileReference; lastKnownFileType = sourcecode.swift; path = ProfileView.swift; sourceTree = "<group>"; };
		AA400A362A3B2A9B006C5448 /* ProfileLoginSwitcher.swift */ = {isa = PBXFileReference; lastKnownFileType = sourcecode.swift; path = ProfileLoginSwitcher.swift; sourceTree = "<group>"; };
		AA400A392A3B2FBF006C5448 /* LoginVM.swift */ = {isa = PBXFileReference; lastKnownFileType = sourcecode.swift; path = LoginVM.swift; sourceTree = "<group>"; };
		AA400A3B2A3B3173006C5448 /* Networking.swift */ = {isa = PBXFileReference; lastKnownFileType = sourcecode.swift; path = Networking.swift; sourceTree = "<group>"; };
		AA400A3D2A3B3260006C5448 /* LoginView.swift */ = {isa = PBXFileReference; lastKnownFileType = sourcecode.swift; path = LoginView.swift; sourceTree = "<group>"; };
		AA400A3F2A3B370D006C5448 /* Authentication.swift */ = {isa = PBXFileReference; lastKnownFileType = sourcecode.swift; path = Authentication.swift; sourceTree = "<group>"; };
		AAE4ED1A2A3BAFED00ED630C /* HeadingView.swift */ = {isa = PBXFileReference; lastKnownFileType = sourcecode.swift; path = HeadingView.swift; sourceTree = "<group>"; };
		AAE4ED1C2A3BB50B00ED630C /* Color.swift */ = {isa = PBXFileReference; lastKnownFileType = sourcecode.swift; path = Color.swift; sourceTree = "<group>"; };
		AAF4C31D2A38AA5B0082C142 /* MusicApp.app */ = {isa = PBXFileReference; explicitFileType = wrapper.application; includeInIndex = 0; path = MusicApp.app; sourceTree = BUILT_PRODUCTS_DIR; };
		AAF4C3202A38AA5B0082C142 /* MusicApp.swift */ = {isa = PBXFileReference; lastKnownFileType = sourcecode.swift; path = MusicApp.swift; sourceTree = "<group>"; };
		AAF4C3222A38AA5B0082C142 /* ContentView.swift */ = {isa = PBXFileReference; lastKnownFileType = sourcecode.swift; path = ContentView.swift; sourceTree = "<group>"; };
		AAF4C3242A38AA5C0082C142 /* Assets.xcassets */ = {isa = PBXFileReference; lastKnownFileType = folder.assetcatalog; path = Assets.xcassets; sourceTree = "<group>"; };
		AAF4C3272A38AA5C0082C142 /* Preview Assets.xcassets */ = {isa = PBXFileReference; lastKnownFileType = folder.assetcatalog; path = "Preview Assets.xcassets"; sourceTree = "<group>"; };
		AAF4C3302A38AACF0082C142 /* TeacherView.swift */ = {isa = PBXFileReference; lastKnownFileType = sourcecode.swift; path = TeacherView.swift; sourceTree = "<group>"; };
		AAF4C3322A38AAE20082C142 /* TeacherVM.swift */ = {isa = PBXFileReference; lastKnownFileType = sourcecode.swift; path = TeacherVM.swift; sourceTree = "<group>"; };
		AAF4C3352A38AB220082C142 /* TeacherModel.swift */ = {isa = PBXFileReference; lastKnownFileType = sourcecode.swift; path = TeacherModel.swift; sourceTree = "<group>"; };
		AAF4C3382A38B6770082C142 /* NetworkingManager.swift */ = {isa = PBXFileReference; lastKnownFileType = sourcecode.swift; path = NetworkingManager.swift; sourceTree = "<group>"; };
		AAF4C33C2A38CA6F0082C142 /* Endpoint.swift */ = {isa = PBXFileReference; lastKnownFileType = sourcecode.swift; path = Endpoint.swift; sourceTree = "<group>"; };
		AAF4C3422A39D4AF0082C142 /* MusicAppTests.xctest */ = {isa = PBXFileReference; explicitFileType = wrapper.cfbundle; includeInIndex = 0; path = MusicAppTests.xctest; sourceTree = BUILT_PRODUCTS_DIR; };
		AAF4C3442A39D4AF0082C142 /* MusicAppTests.swift */ = {isa = PBXFileReference; lastKnownFileType = sourcecode.swift; path = MusicAppTests.swift; sourceTree = "<group>"; };
		AAF4C34B2A39D8C50082C142 /* SignupModel.swift */ = {isa = PBXFileReference; lastKnownFileType = sourcecode.swift; path = SignupModel.swift; sourceTree = "<group>"; };
		AAF4C34E2A39D91E0082C142 /* SignupVM.swift */ = {isa = PBXFileReference; lastKnownFileType = sourcecode.swift; path = SignupVM.swift; sourceTree = "<group>"; };
		AAF4C3502A39D9E80082C142 /* SignupView.swift */ = {isa = PBXFileReference; lastKnownFileType = sourcecode.swift; path = SignupView.swift; sourceTree = "<group>"; };
		AAF4C3532A39F9040082C142 /* SignupValidator.swift */ = {isa = PBXFileReference; lastKnownFileType = sourcecode.swift; path = SignupValidator.swift; sourceTree = "<group>"; };
/* End PBXFileReference section */

/* Begin PBXFrameworksBuildPhase section */
		AAF4C31A2A38AA5B0082C142 /* Frameworks */ = {
			isa = PBXFrameworksBuildPhase;
			buildActionMask = 2147483647;
			files = (
			);
			runOnlyForDeploymentPostprocessing = 0;
		};
		AAF4C33F2A39D4AF0082C142 /* Frameworks */ = {
			isa = PBXFrameworksBuildPhase;
			buildActionMask = 2147483647;
			files = (
			);
			runOnlyForDeploymentPostprocessing = 0;
		};
/* End PBXFrameworksBuildPhase section */

/* Begin PBXGroup section */
		AA17C64A2A3CB3BF006F04FD /* SearchResults */ = {
			isa = PBXGroup;
			children = (
				AA17C64B2A3CB3F5006F04FD /* SearchResultsView.swift */,
				AA17C64D2A3CB501006F04FD /* SearchResultsVM.swift */,
				AA17C64F2A3CB51E006F04FD /* SearchResultsModel.swift */,
			);
			path = SearchResults;
			sourceTree = "<group>";
		};
		AA400A312A3B261D006C5448 /* Profile */ = {
			isa = PBXGroup;
			children = (
				AA400A342A3B2A2E006C5448 /* ProfileView.swift */,
			);
			path = Profile;
			sourceTree = "<group>";
		};
		AA400A382A3B2FA7006C5448 /* Login */ = {
			isa = PBXGroup;
			children = (
				AA400A392A3B2FBF006C5448 /* LoginVM.swift */,
				AA400A3D2A3B3260006C5448 /* LoginView.swift */,
			);
			path = Login;
			sourceTree = "<group>";
		};
		AA400A422A3B5AF4006C5448 /* Extensions */ = {
			isa = PBXGroup;
			children = (
				AAE4ED1C2A3BB50B00ED630C /* Color.swift */,
				AA17C6482A3CA0D2006F04FD /* Date.swift */,
			);
			path = Extensions;
			sourceTree = "<group>";
		};
		AAE4ED172A3BAFBF00ED630C /* Components */ = {
			isa = PBXGroup;
			children = (
				AAE4ED1A2A3BAFED00ED630C /* HeadingView.swift */,
			);
			path = Components;
			sourceTree = "<group>";
		};
		AAF4C3142A38AA5B0082C142 = {
			isa = PBXGroup;
			children = (
				AAF4C31F2A38AA5B0082C142 /* MusicApp */,
				AAF4C3432A39D4AF0082C142 /* MusicAppTests */,
				AAF4C31E2A38AA5B0082C142 /* Products */,
			);
			sourceTree = "<group>";
		};
		AAF4C31E2A38AA5B0082C142 /* Products */ = {
			isa = PBXGroup;
			children = (
				AAF4C31D2A38AA5B0082C142 /* MusicApp.app */,
				AAF4C3422A39D4AF0082C142 /* MusicAppTests.xctest */,
			);
			name = Products;
			sourceTree = "<group>";
		};
		AAF4C31F2A38AA5B0082C142 /* MusicApp */ = {
			isa = PBXGroup;
			children = (
				AAF4C3202A38AA5B0082C142 /* MusicApp.swift */,
				AA400A3F2A3B370D006C5448 /* Authentication.swift */,
				AA400A422A3B5AF4006C5448 /* Extensions */,
				AAF4C3372A38B66A0082C142 /* Utilities */,
				AAF4C3342A38AB0E0082C142 /* Models */,
				AAF4C32E2A38AAAC0082C142 /* Core */,
				AAF4C3222A38AA5B0082C142 /* ContentView.swift */,
				AAF4C3242A38AA5C0082C142 /* Assets.xcassets */,
				AAF4C3262A38AA5C0082C142 /* Preview Content */,
			);
			path = MusicApp;
			sourceTree = "<group>";
		};
		AAF4C3262A38AA5C0082C142 /* Preview Content */ = {
			isa = PBXGroup;
			children = (
				AAF4C3272A38AA5C0082C142 /* Preview Assets.xcassets */,
			);
			path = "Preview Content";
			sourceTree = "<group>";
		};
		AAF4C32E2A38AAAC0082C142 /* Core */ = {
			isa = PBXGroup;
			children = (
				AA400A362A3B2A9B006C5448 /* ProfileLoginSwitcher.swift */,
				AA17C64A2A3CB3BF006F04FD /* SearchResults */,
				AAE4ED172A3BAFBF00ED630C /* Components */,
				AA400A382A3B2FA7006C5448 /* Login */,
				AA400A312A3B261D006C5448 /* Profile */,
				AAF4C34D2A39D8D60082C142 /* Signup */,
				AAF4C32F2A38AAB40082C142 /* Teacher */,
			);
			path = Core;
			sourceTree = "<group>";
		};
		AAF4C32F2A38AAB40082C142 /* Teacher */ = {
			isa = PBXGroup;
			children = (
				AAF4C3352A38AB220082C142 /* TeacherModel.swift */,
				AAF4C3322A38AAE20082C142 /* TeacherVM.swift */,
				AAF4C3302A38AACF0082C142 /* TeacherView.swift */,
			);
			path = Teacher;
			sourceTree = "<group>";
		};
		AAF4C3342A38AB0E0082C142 /* Models */ = {
			isa = PBXGroup;
			children = (
				AA400A3B2A3B3173006C5448 /* Networking.swift */,
			);
			path = Models;
			sourceTree = "<group>";
		};
		AAF4C3372A38B66A0082C142 /* Utilities */ = {
			isa = PBXGroup;
			children = (
				AAF4C3382A38B6770082C142 /* NetworkingManager.swift */,
				AAF4C33C2A38CA6F0082C142 /* Endpoint.swift */,
			);
			path = Utilities;
			sourceTree = "<group>";
		};
		AAF4C3432A39D4AF0082C142 /* MusicAppTests */ = {
			isa = PBXGroup;
			children = (
				AAF4C3442A39D4AF0082C142 /* MusicAppTests.swift */,
			);
			path = MusicAppTests;
			sourceTree = "<group>";
		};
		AAF4C34D2A39D8D60082C142 /* Signup */ = {
			isa = PBXGroup;
			children = (
				AAF4C34B2A39D8C50082C142 /* SignupModel.swift */,
				AAF4C34E2A39D91E0082C142 /* SignupVM.swift */,
				AAF4C3502A39D9E80082C142 /* SignupView.swift */,
				AAF4C3532A39F9040082C142 /* SignupValidator.swift */,
			);
			path = Signup;
			sourceTree = "<group>";
		};
/* End PBXGroup section */

/* Begin PBXNativeTarget section */
		AAF4C31C2A38AA5B0082C142 /* MusicApp */ = {
			isa = PBXNativeTarget;
			buildConfigurationList = AAF4C32B2A38AA5C0082C142 /* Build configuration list for PBXNativeTarget "MusicApp" */;
			buildPhases = (
				AAF4C3192A38AA5B0082C142 /* Sources */,
				AAF4C31A2A38AA5B0082C142 /* Frameworks */,
				AAF4C31B2A38AA5B0082C142 /* Resources */,
			);
			buildRules = (
			);
			dependencies = (
			);
			name = MusicApp;
			productName = MusicApp;
			productReference = AAF4C31D2A38AA5B0082C142 /* MusicApp.app */;
			productType = "com.apple.product-type.application";
		};
		AAF4C3412A39D4AF0082C142 /* MusicAppTests */ = {
			isa = PBXNativeTarget;
			buildConfigurationList = AAF4C3482A39D4AF0082C142 /* Build configuration list for PBXNativeTarget "MusicAppTests" */;
			buildPhases = (
				AAF4C33E2A39D4AF0082C142 /* Sources */,
				AAF4C33F2A39D4AF0082C142 /* Frameworks */,
				AAF4C3402A39D4AF0082C142 /* Resources */,
			);
			buildRules = (
			);
			dependencies = (
				AAF4C3472A39D4AF0082C142 /* PBXTargetDependency */,
			);
			name = MusicAppTests;
			productName = MusicAppTests;
			productReference = AAF4C3422A39D4AF0082C142 /* MusicAppTests.xctest */;
			productType = "com.apple.product-type.bundle.unit-test";
		};
/* End PBXNativeTarget section */

/* Begin PBXProject section */
		AAF4C3152A38AA5B0082C142 /* Project object */ = {
			isa = PBXProject;
			attributes = {
				BuildIndependentTargetsInParallel = 1;
				LastSwiftUpdateCheck = 1430;
				LastUpgradeCheck = 1430;
				TargetAttributes = {
					AAF4C31C2A38AA5B0082C142 = {
						CreatedOnToolsVersion = 14.3.1;
					};
					AAF4C3412A39D4AF0082C142 = {
						CreatedOnToolsVersion = 14.3.1;
						TestTargetID = AAF4C31C2A38AA5B0082C142;
					};
				};
			};
			buildConfigurationList = AAF4C3182A38AA5B0082C142 /* Build configuration list for PBXProject "MusicApp" */;
			compatibilityVersion = "Xcode 14.0";
			developmentRegion = en;
			hasScannedForEncodings = 0;
			knownRegions = (
				en,
				Base,
			);
			mainGroup = AAF4C3142A38AA5B0082C142;
			productRefGroup = AAF4C31E2A38AA5B0082C142 /* Products */;
			projectDirPath = "";
			projectRoot = "";
			targets = (
				AAF4C31C2A38AA5B0082C142 /* MusicApp */,
				AAF4C3412A39D4AF0082C142 /* MusicAppTests */,
			);
		};
/* End PBXProject section */

/* Begin PBXResourcesBuildPhase section */
		AAF4C31B2A38AA5B0082C142 /* Resources */ = {
			isa = PBXResourcesBuildPhase;
			buildActionMask = 2147483647;
			files = (
				AAF4C3282A38AA5C0082C142 /* Preview Assets.xcassets in Resources */,
				AAF4C3252A38AA5C0082C142 /* Assets.xcassets in Resources */,
			);
			runOnlyForDeploymentPostprocessing = 0;
		};
		AAF4C3402A39D4AF0082C142 /* Resources */ = {
			isa = PBXResourcesBuildPhase;
			buildActionMask = 2147483647;
			files = (
			);
			runOnlyForDeploymentPostprocessing = 0;
		};
/* End PBXResourcesBuildPhase section */

/* Begin PBXSourcesBuildPhase section */
		AAF4C3192A38AA5B0082C142 /* Sources */ = {
			isa = PBXSourcesBuildPhase;
			buildActionMask = 2147483647;
			files = (
				AAF4C33D2A38CA6F0082C142 /* Endpoint.swift in Sources */,
				AAF4C3542A39F9040082C142 /* SignupValidator.swift in Sources */,
				AA400A352A3B2A2E006C5448 /* ProfileView.swift in Sources */,
				AA17C64E2A3CB501006F04FD /* SearchResultsVM.swift in Sources */,
				AA400A3C2A3B3173006C5448 /* Networking.swift in Sources */,
				AAF4C34C2A39D8C50082C142 /* SignupModel.swift in Sources */,
				AAF4C3512A39D9E80082C142 /* SignupView.swift in Sources */,
				AAF4C34F2A39D91E0082C142 /* SignupVM.swift in Sources */,
				AAF4C3232A38AA5B0082C142 /* ContentView.swift in Sources */,
				AAF4C3362A38AB220082C142 /* TeacherModel.swift in Sources */,
				AA400A372A3B2A9B006C5448 /* ProfileLoginSwitcher.swift in Sources */,
				AA400A3E2A3B3260006C5448 /* LoginView.swift in Sources */,
				AA17C6492A3CA0D2006F04FD /* Date.swift in Sources */,
				AAE4ED1D2A3BB50B00ED630C /* Color.swift in Sources */,
				AAF4C3332A38AAE20082C142 /* TeacherVM.swift in Sources */,
				AAF4C3392A38B6770082C142 /* NetworkingManager.swift in Sources */,
				AAE4ED1B2A3BAFED00ED630C /* HeadingView.swift in Sources */,
				AA17C64C2A3CB3F5006F04FD /* SearchResultsView.swift in Sources */,
				AAF4C3212A38AA5B0082C142 /* MusicApp.swift in Sources */,
				AA17C6502A3CB51E006F04FD /* SearchResultsModel.swift in Sources */,
				AAF4C3312A38AACF0082C142 /* TeacherView.swift in Sources */,
				AA400A3A2A3B2FBF006C5448 /* LoginVM.swift in Sources */,
				AA400A402A3B370D006C5448 /* Authentication.swift in Sources */,
			);
			runOnlyForDeploymentPostprocessing = 0;
		};
		AAF4C33E2A39D4AF0082C142 /* Sources */ = {
			isa = PBXSourcesBuildPhase;
			buildActionMask = 2147483647;
			files = (
				AAF4C3452A39D4AF0082C142 /* MusicAppTests.swift in Sources */,
			);
			runOnlyForDeploymentPostprocessing = 0;
		};
/* End PBXSourcesBuildPhase section */

/* Begin PBXTargetDependency section */
		AAF4C3472A39D4AF0082C142 /* PBXTargetDependency */ = {
			isa = PBXTargetDependency;
			target = AAF4C31C2A38AA5B0082C142 /* MusicApp */;
			targetProxy = AAF4C3462A39D4AF0082C142 /* PBXContainerItemProxy */;
		};
/* End PBXTargetDependency section */

/* Begin XCBuildConfiguration section */
		AAF4C3292A38AA5C0082C142 /* Debug */ = {
			isa = XCBuildConfiguration;
			buildSettings = {
				ALWAYS_SEARCH_USER_PATHS = NO;
				CLANG_ANALYZER_NONNULL = YES;
				CLANG_ANALYZER_NUMBER_OBJECT_CONVERSION = YES_AGGRESSIVE;
				CLANG_CXX_LANGUAGE_STANDARD = "gnu++20";
				CLANG_ENABLE_MODULES = YES;
				CLANG_ENABLE_OBJC_ARC = YES;
				CLANG_ENABLE_OBJC_WEAK = YES;
				CLANG_WARN_BLOCK_CAPTURE_AUTORELEASING = YES;
				CLANG_WARN_BOOL_CONVERSION = YES;
				CLANG_WARN_COMMA = YES;
				CLANG_WARN_CONSTANT_CONVERSION = YES;
				CLANG_WARN_DEPRECATED_OBJC_IMPLEMENTATIONS = YES;
				CLANG_WARN_DIRECT_OBJC_ISA_USAGE = YES_ERROR;
				CLANG_WARN_DOCUMENTATION_COMMENTS = YES;
				CLANG_WARN_EMPTY_BODY = YES;
				CLANG_WARN_ENUM_CONVERSION = YES;
				CLANG_WARN_INFINITE_RECURSION = YES;
				CLANG_WARN_INT_CONVERSION = YES;
				CLANG_WARN_NON_LITERAL_NULL_CONVERSION = YES;
				CLANG_WARN_OBJC_IMPLICIT_RETAIN_SELF = YES;
				CLANG_WARN_OBJC_LITERAL_CONVERSION = YES;
				CLANG_WARN_OBJC_ROOT_CLASS = YES_ERROR;
				CLANG_WARN_QUOTED_INCLUDE_IN_FRAMEWORK_HEADER = YES;
				CLANG_WARN_RANGE_LOOP_ANALYSIS = YES;
				CLANG_WARN_STRICT_PROTOTYPES = YES;
				CLANG_WARN_SUSPICIOUS_MOVE = YES;
				CLANG_WARN_UNGUARDED_AVAILABILITY = YES_AGGRESSIVE;
				CLANG_WARN_UNREACHABLE_CODE = YES;
				CLANG_WARN__DUPLICATE_METHOD_MATCH = YES;
				COPY_PHASE_STRIP = NO;
				DEBUG_INFORMATION_FORMAT = dwarf;
				ENABLE_STRICT_OBJC_MSGSEND = YES;
				ENABLE_TESTABILITY = YES;
				GCC_C_LANGUAGE_STANDARD = gnu11;
				GCC_DYNAMIC_NO_PIC = NO;
				GCC_NO_COMMON_BLOCKS = YES;
				GCC_OPTIMIZATION_LEVEL = 0;
				GCC_PREPROCESSOR_DEFINITIONS = (
					"DEBUG=1",
					"$(inherited)",
				);
				GCC_WARN_64_TO_32_BIT_CONVERSION = YES;
				GCC_WARN_ABOUT_RETURN_TYPE = YES_ERROR;
				GCC_WARN_UNDECLARED_SELECTOR = YES;
				GCC_WARN_UNINITIALIZED_AUTOS = YES_AGGRESSIVE;
				GCC_WARN_UNUSED_FUNCTION = YES;
				GCC_WARN_UNUSED_VARIABLE = YES;
				IPHONEOS_DEPLOYMENT_TARGET = 16.4;
				MTL_ENABLE_DEBUG_INFO = INCLUDE_SOURCE;
				MTL_FAST_MATH = YES;
				ONLY_ACTIVE_ARCH = YES;
				SDKROOT = iphoneos;
				SWIFT_ACTIVE_COMPILATION_CONDITIONS = DEBUG;
				SWIFT_OPTIMIZATION_LEVEL = "-Onone";
			};
			name = Debug;
		};
		AAF4C32A2A38AA5C0082C142 /* Release */ = {
			isa = XCBuildConfiguration;
			buildSettings = {
				ALWAYS_SEARCH_USER_PATHS = NO;
				CLANG_ANALYZER_NONNULL = YES;
				CLANG_ANALYZER_NUMBER_OBJECT_CONVERSION = YES_AGGRESSIVE;
				CLANG_CXX_LANGUAGE_STANDARD = "gnu++20";
				CLANG_ENABLE_MODULES = YES;
				CLANG_ENABLE_OBJC_ARC = YES;
				CLANG_ENABLE_OBJC_WEAK = YES;
				CLANG_WARN_BLOCK_CAPTURE_AUTORELEASING = YES;
				CLANG_WARN_BOOL_CONVERSION = YES;
				CLANG_WARN_COMMA = YES;
				CLANG_WARN_CONSTANT_CONVERSION = YES;
				CLANG_WARN_DEPRECATED_OBJC_IMPLEMENTATIONS = YES;
				CLANG_WARN_DIRECT_OBJC_ISA_USAGE = YES_ERROR;
				CLANG_WARN_DOCUMENTATION_COMMENTS = YES;
				CLANG_WARN_EMPTY_BODY = YES;
				CLANG_WARN_ENUM_CONVERSION = YES;
				CLANG_WARN_INFINITE_RECURSION = YES;
				CLANG_WARN_INT_CONVERSION = YES;
				CLANG_WARN_NON_LITERAL_NULL_CONVERSION = YES;
				CLANG_WARN_OBJC_IMPLICIT_RETAIN_SELF = YES;
				CLANG_WARN_OBJC_LITERAL_CONVERSION = YES;
				CLANG_WARN_OBJC_ROOT_CLASS = YES_ERROR;
				CLANG_WARN_QUOTED_INCLUDE_IN_FRAMEWORK_HEADER = YES;
				CLANG_WARN_RANGE_LOOP_ANALYSIS = YES;
				CLANG_WARN_STRICT_PROTOTYPES = YES;
				CLANG_WARN_SUSPICIOUS_MOVE = YES;
				CLANG_WARN_UNGUARDED_AVAILABILITY = YES_AGGRESSIVE;
				CLANG_WARN_UNREACHABLE_CODE = YES;
				CLANG_WARN__DUPLICATE_METHOD_MATCH = YES;
				COPY_PHASE_STRIP = NO;
				DEBUG_INFORMATION_FORMAT = "dwarf-with-dsym";
				ENABLE_NS_ASSERTIONS = NO;
				ENABLE_STRICT_OBJC_MSGSEND = YES;
				GCC_C_LANGUAGE_STANDARD = gnu11;
				GCC_NO_COMMON_BLOCKS = YES;
				GCC_WARN_64_TO_32_BIT_CONVERSION = YES;
				GCC_WARN_ABOUT_RETURN_TYPE = YES_ERROR;
				GCC_WARN_UNDECLARED_SELECTOR = YES;
				GCC_WARN_UNINITIALIZED_AUTOS = YES_AGGRESSIVE;
				GCC_WARN_UNUSED_FUNCTION = YES;
				GCC_WARN_UNUSED_VARIABLE = YES;
				IPHONEOS_DEPLOYMENT_TARGET = 16.4;
				MTL_ENABLE_DEBUG_INFO = NO;
				MTL_FAST_MATH = YES;
				SDKROOT = iphoneos;
				SWIFT_COMPILATION_MODE = wholemodule;
				SWIFT_OPTIMIZATION_LEVEL = "-O";
				VALIDATE_PRODUCT = YES;
			};
			name = Release;
		};
		AAF4C32C2A38AA5C0082C142 /* Debug */ = {
			isa = XCBuildConfiguration;
			buildSettings = {
				ASSETCATALOG_COMPILER_APPICON_NAME = AppIcon;
				ASSETCATALOG_COMPILER_GLOBAL_ACCENT_COLOR_NAME = AccentColor;
				CODE_SIGN_STYLE = Automatic;
				CURRENT_PROJECT_VERSION = 1;
				DEVELOPMENT_ASSET_PATHS = "\"MusicApp/Preview Content\"";
				DEVELOPMENT_TEAM = 4EDERT4V6A;
				ENABLE_PREVIEWS = YES;
				GENERATE_INFOPLIST_FILE = YES;
				INFOPLIST_FILE = MusicApp/Info.plist;
				INFOPLIST_KEY_UIApplicationSceneManifest_Generation = YES;
				INFOPLIST_KEY_UIApplicationSupportsIndirectInputEvents = YES;
				INFOPLIST_KEY_UILaunchScreen_Generation = YES;
				INFOPLIST_KEY_UISupportedInterfaceOrientations_iPad = "UIInterfaceOrientationPortrait UIInterfaceOrientationPortraitUpsideDown UIInterfaceOrientationLandscapeLeft UIInterfaceOrientationLandscapeRight";
				INFOPLIST_KEY_UISupportedInterfaceOrientations_iPhone = "UIInterfaceOrientationPortrait UIInterfaceOrientationLandscapeLeft UIInterfaceOrientationLandscapeRight";
				LD_RUNPATH_SEARCH_PATHS = (
					"$(inherited)",
					"@executable_path/Frameworks",
				);
				MARKETING_VERSION = 1.0;
				PRODUCT_BUNDLE_IDENTIFIER = com.stephenhanna.MusicApp;
				PRODUCT_NAME = "$(TARGET_NAME)";
				SWIFT_EMIT_LOC_STRINGS = YES;
				SWIFT_VERSION = 5.0;
				TARGETED_DEVICE_FAMILY = "1,2";
			};
			name = Debug;
		};
		AAF4C32D2A38AA5C0082C142 /* Release */ = {
			isa = XCBuildConfiguration;
			buildSettings = {
				ASSETCATALOG_COMPILER_APPICON_NAME = AppIcon;
				ASSETCATALOG_COMPILER_GLOBAL_ACCENT_COLOR_NAME = AccentColor;
				CODE_SIGN_STYLE = Automatic;
				CURRENT_PROJECT_VERSION = 1;
				DEVELOPMENT_ASSET_PATHS = "\"MusicApp/Preview Content\"";
				DEVELOPMENT_TEAM = 4EDERT4V6A;
				ENABLE_PREVIEWS = YES;
				GENERATE_INFOPLIST_FILE = YES;
				INFOPLIST_FILE = MusicApp/Info.plist;
				INFOPLIST_KEY_UIApplicationSceneManifest_Generation = YES;
				INFOPLIST_KEY_UIApplicationSupportsIndirectInputEvents = YES;
				INFOPLIST_KEY_UILaunchScreen_Generation = YES;
				INFOPLIST_KEY_UISupportedInterfaceOrientations_iPad = "UIInterfaceOrientationPortrait UIInterfaceOrientationPortraitUpsideDown UIInterfaceOrientationLandscapeLeft UIInterfaceOrientationLandscapeRight";
				INFOPLIST_KEY_UISupportedInterfaceOrientations_iPhone = "UIInterfaceOrientationPortrait UIInterfaceOrientationLandscapeLeft UIInterfaceOrientationLandscapeRight";
				LD_RUNPATH_SEARCH_PATHS = (
					"$(inherited)",
					"@executable_path/Frameworks",
				);
				MARKETING_VERSION = 1.0;
				PRODUCT_BUNDLE_IDENTIFIER = com.stephenhanna.MusicApp;
				PRODUCT_NAME = "$(TARGET_NAME)";
				SWIFT_EMIT_LOC_STRINGS = YES;
				SWIFT_VERSION = 5.0;
				TARGETED_DEVICE_FAMILY = "1,2";
			};
			name = Release;
		};
		AAF4C3492A39D4AF0082C142 /* Debug */ = {
			isa = XCBuildConfiguration;
			buildSettings = {
				BUNDLE_LOADER = "$(TEST_HOST)";
				CODE_SIGN_STYLE = Automatic;
				CURRENT_PROJECT_VERSION = 1;
				DEVELOPMENT_TEAM = 4EDERT4V6A;
				GENERATE_INFOPLIST_FILE = YES;
				MARKETING_VERSION = 1.0;
				PRODUCT_BUNDLE_IDENTIFIER = com.stephenhanna.MusicAppTests;
				PRODUCT_NAME = "$(TARGET_NAME)";
				SWIFT_EMIT_LOC_STRINGS = NO;
				SWIFT_VERSION = 5.0;
				TARGETED_DEVICE_FAMILY = "1,2";
				TEST_HOST = "$(BUILT_PRODUCTS_DIR)/MusicApp.app/$(BUNDLE_EXECUTABLE_FOLDER_PATH)/MusicApp";
			};
			name = Debug;
		};
		AAF4C34A2A39D4AF0082C142 /* Release */ = {
			isa = XCBuildConfiguration;
			buildSettings = {
				BUNDLE_LOADER = "$(TEST_HOST)";
				CODE_SIGN_STYLE = Automatic;
				CURRENT_PROJECT_VERSION = 1;
				DEVELOPMENT_TEAM = 4EDERT4V6A;
				GENERATE_INFOPLIST_FILE = YES;
				MARKETING_VERSION = 1.0;
				PRODUCT_BUNDLE_IDENTIFIER = com.stephenhanna.MusicAppTests;
				PRODUCT_NAME = "$(TARGET_NAME)";
				SWIFT_EMIT_LOC_STRINGS = NO;
				SWIFT_VERSION = 5.0;
				TARGETED_DEVICE_FAMILY = "1,2";
				TEST_HOST = "$(BUILT_PRODUCTS_DIR)/MusicApp.app/$(BUNDLE_EXECUTABLE_FOLDER_PATH)/MusicApp";
			};
			name = Release;
		};
/* End XCBuildConfiguration section */

/* Begin XCConfigurationList section */
		AAF4C3182A38AA5B0082C142 /* Build configuration list for PBXProject "MusicApp" */ = {
			isa = XCConfigurationList;
			buildConfigurations = (
				AAF4C3292A38AA5C0082C142 /* Debug */,
				AAF4C32A2A38AA5C0082C142 /* Release */,
			);
			defaultConfigurationIsVisible = 0;
			defaultConfigurationName = Release;
		};
		AAF4C32B2A38AA5C0082C142 /* Build configuration list for PBXNativeTarget "MusicApp" */ = {
			isa = XCConfigurationList;
			buildConfigurations = (
				AAF4C32C2A38AA5C0082C142 /* Debug */,
				AAF4C32D2A38AA5C0082C142 /* Release */,
			);
			defaultConfigurationIsVisible = 0;
			defaultConfigurationName = Release;
		};
		AAF4C3482A39D4AF0082C142 /* Build configuration list for PBXNativeTarget "MusicAppTests" */ = {
			isa = XCConfigurationList;
			buildConfigurations = (
				AAF4C3492A39D4AF0082C142 /* Debug */,
				AAF4C34A2A39D4AF0082C142 /* Release */,
			);
			defaultConfigurationIsVisible = 0;
			defaultConfigurationName = Release;
		};
/* End XCConfigurationList section */
	};
	rootObject = AAF4C3152A38AA5B0082C142 /* Project object */;
}
