// !$*UTF8*$!
{
	archiveVersion = 1;
	classes = {
	};
	objectVersion = 56;
	objects = {

/* Begin PBXBuildFile section */
		AA0B35622A3CF7B500BD9A08 /* TimelineView2.swift in Sources */ = {isa = PBXBuildFile; fileRef = AA0B35612A3CF7B500BD9A08 /* TimelineView2.swift */; };
		AA0B35652A40628F00BD9A08 /* ImageRetriever.swift in Sources */ = {isa = PBXBuildFile; fileRef = AA0B35642A40628F00BD9A08 /* ImageRetriever.swift */; };
		AA0B35672A40646100BD9A08 /* ImageCache.swift in Sources */ = {isa = PBXBuildFile; fileRef = AA0B35662A40646100BD9A08 /* ImageCache.swift */; };
		AA0B35692A4065E900BD9A08 /* CachedImageManager.swift in Sources */ = {isa = PBXBuildFile; fileRef = AA0B35682A4065E900BD9A08 /* CachedImageManager.swift */; };
		AA0B356B2A40664800BD9A08 /* CachedImage.swift in Sources */ = {isa = PBXBuildFile; fileRef = AA0B356A2A40664800BD9A08 /* CachedImage.swift */; };
		AA0B356D2A40737A00BD9A08 /* UserImageView.swift in Sources */ = {isa = PBXBuildFile; fileRef = AA0B356C2A40737A00BD9A08 /* UserImageView.swift */; };
		AA0B356F2A4094A700BD9A08 /* Double.swift in Sources */ = {isa = PBXBuildFile; fileRef = AA0B356E2A4094A700BD9A08 /* Double.swift */; };
		AA0B35762A40A1E200BD9A08 /* LocationManager.swift in Sources */ = {isa = PBXBuildFile; fileRef = AA0B35752A40A1E200BD9A08 /* LocationManager.swift */; };
		AA0B35782A40A4D400BD9A08 /* MKCoordinateRegion.swift in Sources */ = {isa = PBXBuildFile; fileRef = AA0B35772A40A4D400BD9A08 /* MKCoordinateRegion.swift */; };
		AA0B35822A41A0B900BD9A08 /* SearchVM.swift in Sources */ = {isa = PBXBuildFile; fileRef = AA0B35812A41A0B900BD9A08 /* SearchVM.swift */; };
		AA17C6492A3CA0D2006F04FD /* Date.swift in Sources */ = {isa = PBXBuildFile; fileRef = AA17C6482A3CA0D2006F04FD /* Date.swift */; };
		AA17C64C2A3CB3F5006F04FD /* SearchResultsView.swift in Sources */ = {isa = PBXBuildFile; fileRef = AA17C64B2A3CB3F5006F04FD /* SearchResultsView.swift */; };
		AA17C64E2A3CB501006F04FD /* SearchResultsVM.swift in Sources */ = {isa = PBXBuildFile; fileRef = AA17C64D2A3CB501006F04FD /* SearchResultsVM.swift */; };
		AA17C6502A3CB51E006F04FD /* SearchResultsModel.swift in Sources */ = {isa = PBXBuildFile; fileRef = AA17C64F2A3CB51E006F04FD /* SearchResultsModel.swift */; };
		AA17C6522A3CF015006F04FD /* TimelineView.swift in Sources */ = {isa = PBXBuildFile; fileRef = AA17C6512A3CF015006F04FD /* TimelineView.swift */; };
		AA400A352A3B2A2E006C5448 /* MoreView.swift in Sources */ = {isa = PBXBuildFile; fileRef = AA400A342A3B2A2E006C5448 /* MoreView.swift */; };
		AA400A3A2A3B2FBF006C5448 /* SignInVM.swift in Sources */ = {isa = PBXBuildFile; fileRef = AA400A392A3B2FBF006C5448 /* SignInVM.swift */; };
		AA400A3C2A3B3173006C5448 /* ApiErrorModel.swift in Sources */ = {isa = PBXBuildFile; fileRef = AA400A3B2A3B3173006C5448 /* ApiErrorModel.swift */; };
		AA400A3E2A3B3260006C5448 /* SignInView.swift in Sources */ = {isa = PBXBuildFile; fileRef = AA400A3D2A3B3260006C5448 /* SignInView.swift */; };
		AA400A402A3B370D006C5448 /* Global.swift in Sources */ = {isa = PBXBuildFile; fileRef = AA400A3F2A3B370D006C5448 /* Global.swift */; };
		AA55201F2A41A2BB0089225B /* LocationFinderView.swift in Sources */ = {isa = PBXBuildFile; fileRef = AA55201E2A41A2BB0089225B /* LocationFinderView.swift */; };
		AA5520272A41B6A40089225B /* SearchView.swift in Sources */ = {isa = PBXBuildFile; fileRef = AA5520262A41B6A40089225B /* SearchView.swift */; };
		AA5520292A41C5F30089225B /* SearchModels.swift in Sources */ = {isa = PBXBuildFile; fileRef = AA5520282A41C5F30089225B /* SearchModels.swift */; };
		AA55202B2A41F7010089225B /* SearchResultsRowView.swift in Sources */ = {isa = PBXBuildFile; fileRef = AA55202A2A41F7010089225B /* SearchResultsRowView.swift */; };
		AA55202E2A4326750089225B /* ChatView.swift in Sources */ = {isa = PBXBuildFile; fileRef = AA55202D2A4326750089225B /* ChatView.swift */; };
		AA5520302A434CB30089225B /* ChatModel.swift in Sources */ = {isa = PBXBuildFile; fileRef = AA55202F2A434CB30089225B /* ChatModel.swift */; };
		AA5520322A434CCA0089225B /* ChatVM.swift in Sources */ = {isa = PBXBuildFile; fileRef = AA5520312A434CCA0089225B /* ChatVM.swift */; };
		AA5520342A449FD10089225B /* SignInModel.swift in Sources */ = {isa = PBXBuildFile; fileRef = AA5520332A449FD10089225B /* SignInModel.swift */; };
		AA5520362A45897D0089225B /* PreviewProvider.swift in Sources */ = {isa = PBXBuildFile; fileRef = AA5520352A45897D0089225B /* PreviewProvider.swift */; };
		AA5520392A45D2FB0089225B /* AllChatsView.swift in Sources */ = {isa = PBXBuildFile; fileRef = AA5520382A45D2FB0089225B /* AllChatsView.swift */; };
		AA55203B2A45D3650089225B /* AllChatsModel.swift in Sources */ = {isa = PBXBuildFile; fileRef = AA55203A2A45D3650089225B /* AllChatsModel.swift */; };
		AA55203D2A45D3E00089225B /* AllChatsVM.swift in Sources */ = {isa = PBXBuildFile; fileRef = AA55203C2A45D3E00089225B /* AllChatsVM.swift */; };
		AA5520402A4994690089225B /* SignupValidatorTest.swift in Sources */ = {isa = PBXBuildFile; fileRef = AA55203F2A4994690089225B /* SignupValidatorTest.swift */; };
		AA8633822A49A58600AF11A2 /* NetworkingEndpointTests.swift in Sources */ = {isa = PBXBuildFile; fileRef = AA8633812A49A58600AF11A2 /* NetworkingEndpointTests.swift */; };
		AA8633852A49B18C00AF11A2 /* MockURLSessionProtocol.swift in Sources */ = {isa = PBXBuildFile; fileRef = AA8633842A49B18C00AF11A2 /* MockURLSessionProtocol.swift */; };
		AA8633882A49B37200AF11A2 /* NetworkingManagerTests.swift in Sources */ = {isa = PBXBuildFile; fileRef = AA8633872A49B37200AF11A2 /* NetworkingManagerTests.swift */; };
		AA86338D2A49C54F00AF11A2 /* TeacherStaticTestData.json in Resources */ = {isa = PBXBuildFile; fileRef = AA86338C2A49C54F00AF11A2 /* TeacherStaticTestData.json */; };
		AA86338F2A49C8F100AF11A2 /* StaticJSONMapper.swift in Sources */ = {isa = PBXBuildFile; fileRef = AA86338E2A49C8F100AF11A2 /* StaticJSONMapper.swift */; };
		AA8633922A49E30B00AF11A2 /* TeacherVMSuccessTests.swift in Sources */ = {isa = PBXBuildFile; fileRef = AA8633912A49E30B00AF11A2 /* TeacherVMSuccessTests.swift */; };
		AA8633942A49E36F00AF11A2 /* NetworkingManagerTeacherResponseSuccessMock.swift in Sources */ = {isa = PBXBuildFile; fileRef = AA8633932A49E36F00AF11A2 /* NetworkingManagerTeacherResponseSuccessMock.swift */; };
		AA8633972A4AD32000AF11A2 /* SearchResultsVMSuccessTests.swift in Sources */ = {isa = PBXBuildFile; fileRef = AA8633962A4AD32000AF11A2 /* SearchResultsVMSuccessTests.swift */; };
		AA8633992A4AD52E00AF11A2 /* NetworkingManagerTeacherSearchResponseSuccessMock.swift in Sources */ = {isa = PBXBuildFile; fileRef = AA8633982A4AD52E00AF11A2 /* NetworkingManagerTeacherSearchResponseSuccessMock.swift */; };
		AA86339B2A4AD6EB00AF11A2 /* TeacherSearchStaticTestData.json in Resources */ = {isa = PBXBuildFile; fileRef = AA86339A2A4AD6EB00AF11A2 /* TeacherSearchStaticTestData.json */; };
		AA86339D2A4B1F1200AF11A2 /* SearchResultsVMFailureTests.swift in Sources */ = {isa = PBXBuildFile; fileRef = AA86339C2A4B1F1200AF11A2 /* SearchResultsVMFailureTests.swift */; };
		AA86339F2A4B1F5300AF11A2 /* NetworkingManagerTeacherSearchResponseFailureMock.swift in Sources */ = {isa = PBXBuildFile; fileRef = AA86339E2A4B1F5300AF11A2 /* NetworkingManagerTeacherSearchResponseFailureMock.swift */; };
		AA8633A32A4B2BE400AF11A2 /* NetworkingManagerTeacherResponseFailureMock.swift in Sources */ = {isa = PBXBuildFile; fileRef = AA8633A22A4B2BE400AF11A2 /* NetworkingManagerTeacherResponseFailureMock.swift */; };
		AA8633A52A4B2DAC00AF11A2 /* TeacherVMFailureTests.swift in Sources */ = {isa = PBXBuildFile; fileRef = AA8633A42A4B2DAC00AF11A2 /* TeacherVMFailureTests.swift */; };
		AA8633AC2A4C4BF600AF11A2 /* Error&State.swift in Sources */ = {isa = PBXBuildFile; fileRef = AA8633AB2A4C4BF600AF11A2 /* Error&State.swift */; };
		AA8633B32A4DC31700AF11A2 /* BookingVM.swift in Sources */ = {isa = PBXBuildFile; fileRef = AA8633B22A4DC31700AF11A2 /* BookingVM.swift */; };
		AA8633B52A4DC33D00AF11A2 /* BookingModel.swift in Sources */ = {isa = PBXBuildFile; fileRef = AA8633B42A4DC33D00AF11A2 /* BookingModel.swift */; };
		AA8633B72A4DC4F900AF11A2 /* BookingView.swift in Sources */ = {isa = PBXBuildFile; fileRef = AA8633B62A4DC4F900AF11A2 /* BookingView.swift */; };
		AA8633B92A54410100AF11A2 /* MakeBookingView.swift in Sources */ = {isa = PBXBuildFile; fileRef = AA8633B82A54410100AF11A2 /* MakeBookingView.swift */; };
		AA8633BB2A5579D600AF11A2 /* SearchValidator.swift in Sources */ = {isa = PBXBuildFile; fileRef = AA8633BA2A5579D600AF11A2 /* SearchValidator.swift */; };
		AA8633BE2A559DE800AF11A2 /* SocketIO in Frameworks */ = {isa = PBXBuildFile; productRef = AA8633BD2A559DE800AF11A2 /* SocketIO */; };
		AA8633C22A55B7E200AF11A2 /* NotificationCountView.swift in Sources */ = {isa = PBXBuildFile; fileRef = AA8633C12A55B7E200AF11A2 /* NotificationCountView.swift */; };
		AA8633D02A58007400AF11A2 /* UserBookingsView.swift in Sources */ = {isa = PBXBuildFile; fileRef = AA8633CF2A58007400AF11A2 /* UserBookingsView.swift */; };
		AA8633D22A58008300AF11A2 /* UserBookingsVM.swift in Sources */ = {isa = PBXBuildFile; fileRef = AA8633D12A58008300AF11A2 /* UserBookingsVM.swift */; };
		AA8633D52A58009D00AF11A2 /* UserBookingsModel.swift in Sources */ = {isa = PBXBuildFile; fileRef = AA8633D42A58009D00AF11A2 /* UserBookingsModel.swift */; };
		AA8633D72A5C2A6900AF11A2 /* Filters.swift in Sources */ = {isa = PBXBuildFile; fileRef = AA8633D62A5C2A6900AF11A2 /* Filters.swift */; };
		AA8633D92A5C3D2500AF11A2 /* InstrumentGradeView.swift in Sources */ = {isa = PBXBuildFile; fileRef = AA8633D82A5C3D2500AF11A2 /* InstrumentGradeView.swift */; };
		AA8633DB2A5C5D3D00AF11A2 /* CancelUserBookingView.swift in Sources */ = {isa = PBXBuildFile; fileRef = AA8633DA2A5C5D3D00AF11A2 /* CancelUserBookingView.swift */; };
		AA8633DD2A5D709700AF11A2 /* ProfileView.swift in Sources */ = {isa = PBXBuildFile; fileRef = AA8633DC2A5D709700AF11A2 /* ProfileView.swift */; };
		AA8633E12A5DA24100AF11A2 /* LoginResponseTestData.json in Resources */ = {isa = PBXBuildFile; fileRef = AA8633E02A5DA24100AF11A2 /* LoginResponseTestData.json */; };
		AA8633E32A5EB29E00AF11A2 /* ImagePicker.swift in Sources */ = {isa = PBXBuildFile; fileRef = AA8633E22A5EB29E00AF11A2 /* ImagePicker.swift */; };
		AA8633E52A6151F400AF11A2 /* ImagePickerVM.swift in Sources */ = {isa = PBXBuildFile; fileRef = AA8633E42A6151F400AF11A2 /* ImagePickerVM.swift */; };
		AA8633E72A61557200AF11A2 /* Data.swift in Sources */ = {isa = PBXBuildFile; fileRef = AA8633E62A61557200AF11A2 /* Data.swift */; };
		AA8633E92A616BD200AF11A2 /* SignInSignUpView.swift in Sources */ = {isa = PBXBuildFile; fileRef = AA8633E82A616BD200AF11A2 /* SignInSignUpView.swift */; };
		AAE4ED1B2A3BAFED00ED630C /* HeadingView.swift in Sources */ = {isa = PBXBuildFile; fileRef = AAE4ED1A2A3BAFED00ED630C /* HeadingView.swift */; };
		AAE4ED1D2A3BB50B00ED630C /* Color.swift in Sources */ = {isa = PBXBuildFile; fileRef = AAE4ED1C2A3BB50B00ED630C /* Color.swift */; };
		AAF4C3212A38AA5B0082C142 /* MusicApp.swift in Sources */ = {isa = PBXBuildFile; fileRef = AAF4C3202A38AA5B0082C142 /* MusicApp.swift */; };
		AAF4C3252A38AA5C0082C142 /* Assets.xcassets in Resources */ = {isa = PBXBuildFile; fileRef = AAF4C3242A38AA5C0082C142 /* Assets.xcassets */; };
		AAF4C3282A38AA5C0082C142 /* Preview Assets.xcassets in Resources */ = {isa = PBXBuildFile; fileRef = AAF4C3272A38AA5C0082C142 /* Preview Assets.xcassets */; };
		AAF4C3312A38AACF0082C142 /* TeacherView.swift in Sources */ = {isa = PBXBuildFile; fileRef = AAF4C3302A38AACF0082C142 /* TeacherView.swift */; };
		AAF4C3332A38AAE20082C142 /* TeacherVM.swift in Sources */ = {isa = PBXBuildFile; fileRef = AAF4C3322A38AAE20082C142 /* TeacherVM.swift */; };
		AAF4C3362A38AB220082C142 /* TeacherModel.swift in Sources */ = {isa = PBXBuildFile; fileRef = AAF4C3352A38AB220082C142 /* TeacherModel.swift */; };
		AAF4C3392A38B6770082C142 /* NetworkingManager.swift in Sources */ = {isa = PBXBuildFile; fileRef = AAF4C3382A38B6770082C142 /* NetworkingManager.swift */; };
		AAF4C33D2A38CA6F0082C142 /* Endpoint.swift in Sources */ = {isa = PBXBuildFile; fileRef = AAF4C33C2A38CA6F0082C142 /* Endpoint.swift */; };
		AAF4C34C2A39D8C50082C142 /* SignupModel.swift in Sources */ = {isa = PBXBuildFile; fileRef = AAF4C34B2A39D8C50082C142 /* SignupModel.swift */; };
		AAF4C34F2A39D91E0082C142 /* SignUpVM.swift in Sources */ = {isa = PBXBuildFile; fileRef = AAF4C34E2A39D91E0082C142 /* SignUpVM.swift */; };
		AAF4C3512A39D9E80082C142 /* SignupView.swift in Sources */ = {isa = PBXBuildFile; fileRef = AAF4C3502A39D9E80082C142 /* SignupView.swift */; };
		AAF4C3542A39F9040082C142 /* SignupValidator.swift in Sources */ = {isa = PBXBuildFile; fileRef = AAF4C3532A39F9040082C142 /* SignupValidator.swift */; };
/* End PBXBuildFile section */

/* Begin PBXContainerItemProxy section */
		AAF4C3462A39D4AF0082C142 /* PBXContainerItemProxy */ = {
			isa = PBXContainerItemProxy;
			containerPortal = AAF4C3152A38AA5B0082C142 /* Project object */;
			proxyType = 1;
			remoteGlobalIDString = AAF4C31C2A38AA5B0082C142;
			remoteInfo = MusicApp;
		};
/* End PBXContainerItemProxy section */

/* Begin PBXFileReference section */
		AA0B35612A3CF7B500BD9A08 /* TimelineView2.swift */ = {isa = PBXFileReference; lastKnownFileType = sourcecode.swift; path = TimelineView2.swift; sourceTree = "<group>"; };
		AA0B35642A40628F00BD9A08 /* ImageRetriever.swift */ = {isa = PBXFileReference; lastKnownFileType = sourcecode.swift; path = ImageRetriever.swift; sourceTree = "<group>"; };
		AA0B35662A40646100BD9A08 /* ImageCache.swift */ = {isa = PBXFileReference; lastKnownFileType = sourcecode.swift; path = ImageCache.swift; sourceTree = "<group>"; };
		AA0B35682A4065E900BD9A08 /* CachedImageManager.swift */ = {isa = PBXFileReference; lastKnownFileType = sourcecode.swift; path = CachedImageManager.swift; sourceTree = "<group>"; };
		AA0B356A2A40664800BD9A08 /* CachedImage.swift */ = {isa = PBXFileReference; lastKnownFileType = sourcecode.swift; path = CachedImage.swift; sourceTree = "<group>"; };
		AA0B356C2A40737A00BD9A08 /* UserImageView.swift */ = {isa = PBXFileReference; lastKnownFileType = sourcecode.swift; path = UserImageView.swift; sourceTree = "<group>"; };
		AA0B356E2A4094A700BD9A08 /* Double.swift */ = {isa = PBXFileReference; lastKnownFileType = sourcecode.swift; path = Double.swift; sourceTree = "<group>"; };
		AA0B35752A40A1E200BD9A08 /* LocationManager.swift */ = {isa = PBXFileReference; lastKnownFileType = sourcecode.swift; path = LocationManager.swift; sourceTree = "<group>"; };
		AA0B35772A40A4D400BD9A08 /* MKCoordinateRegion.swift */ = {isa = PBXFileReference; lastKnownFileType = sourcecode.swift; path = MKCoordinateRegion.swift; sourceTree = "<group>"; };
		AA0B35812A41A0B900BD9A08 /* SearchVM.swift */ = {isa = PBXFileReference; lastKnownFileType = sourcecode.swift; path = SearchVM.swift; sourceTree = "<group>"; };
		AA17C6482A3CA0D2006F04FD /* Date.swift */ = {isa = PBXFileReference; lastKnownFileType = sourcecode.swift; path = Date.swift; sourceTree = "<group>"; };
		AA17C64B2A3CB3F5006F04FD /* SearchResultsView.swift */ = {isa = PBXFileReference; lastKnownFileType = sourcecode.swift; path = SearchResultsView.swift; sourceTree = "<group>"; };
		AA17C64D2A3CB501006F04FD /* SearchResultsVM.swift */ = {isa = PBXFileReference; lastKnownFileType = sourcecode.swift; path = SearchResultsVM.swift; sourceTree = "<group>"; };
		AA17C64F2A3CB51E006F04FD /* SearchResultsModel.swift */ = {isa = PBXFileReference; lastKnownFileType = sourcecode.swift; path = SearchResultsModel.swift; sourceTree = "<group>"; };
		AA17C6512A3CF015006F04FD /* TimelineView.swift */ = {isa = PBXFileReference; lastKnownFileType = sourcecode.swift; path = TimelineView.swift; sourceTree = "<group>"; };
		AA400A342A3B2A2E006C5448 /* MoreView.swift */ = {isa = PBXFileReference; lastKnownFileType = sourcecode.swift; path = MoreView.swift; sourceTree = "<group>"; };
		AA400A392A3B2FBF006C5448 /* SignInVM.swift */ = {isa = PBXFileReference; lastKnownFileType = sourcecode.swift; path = SignInVM.swift; sourceTree = "<group>"; };
		AA400A3B2A3B3173006C5448 /* ApiErrorModel.swift */ = {isa = PBXFileReference; lastKnownFileType = sourcecode.swift; path = ApiErrorModel.swift; sourceTree = "<group>"; };
		AA400A3D2A3B3260006C5448 /* SignInView.swift */ = {isa = PBXFileReference; lastKnownFileType = sourcecode.swift; path = SignInView.swift; sourceTree = "<group>"; };
		AA400A3F2A3B370D006C5448 /* Global.swift */ = {isa = PBXFileReference; lastKnownFileType = sourcecode.swift; path = Global.swift; sourceTree = "<group>"; };
		AA55201E2A41A2BB0089225B /* LocationFinderView.swift */ = {isa = PBXFileReference; lastKnownFileType = sourcecode.swift; path = LocationFinderView.swift; sourceTree = "<group>"; };
		AA5520262A41B6A40089225B /* SearchView.swift */ = {isa = PBXFileReference; lastKnownFileType = sourcecode.swift; path = SearchView.swift; sourceTree = "<group>"; };
		AA5520282A41C5F30089225B /* SearchModels.swift */ = {isa = PBXFileReference; lastKnownFileType = sourcecode.swift; path = SearchModels.swift; sourceTree = "<group>"; };
		AA55202A2A41F7010089225B /* SearchResultsRowView.swift */ = {isa = PBXFileReference; lastKnownFileType = sourcecode.swift; path = SearchResultsRowView.swift; sourceTree = "<group>"; };
		AA55202D2A4326750089225B /* ChatView.swift */ = {isa = PBXFileReference; lastKnownFileType = sourcecode.swift; path = ChatView.swift; sourceTree = "<group>"; };
		AA55202F2A434CB30089225B /* ChatModel.swift */ = {isa = PBXFileReference; lastKnownFileType = sourcecode.swift; path = ChatModel.swift; sourceTree = "<group>"; };
		AA5520312A434CCA0089225B /* ChatVM.swift */ = {isa = PBXFileReference; lastKnownFileType = sourcecode.swift; path = ChatVM.swift; sourceTree = "<group>"; };
		AA5520332A449FD10089225B /* SignInModel.swift */ = {isa = PBXFileReference; lastKnownFileType = sourcecode.swift; path = SignInModel.swift; sourceTree = "<group>"; };
		AA5520352A45897D0089225B /* PreviewProvider.swift */ = {isa = PBXFileReference; lastKnownFileType = sourcecode.swift; path = PreviewProvider.swift; sourceTree = "<group>"; };
		AA5520382A45D2FB0089225B /* AllChatsView.swift */ = {isa = PBXFileReference; lastKnownFileType = sourcecode.swift; path = AllChatsView.swift; sourceTree = "<group>"; };
		AA55203A2A45D3650089225B /* AllChatsModel.swift */ = {isa = PBXFileReference; lastKnownFileType = sourcecode.swift; path = AllChatsModel.swift; sourceTree = "<group>"; };
		AA55203C2A45D3E00089225B /* AllChatsVM.swift */ = {isa = PBXFileReference; lastKnownFileType = sourcecode.swift; path = AllChatsVM.swift; sourceTree = "<group>"; };
		AA55203F2A4994690089225B /* SignupValidatorTest.swift */ = {isa = PBXFileReference; lastKnownFileType = sourcecode.swift; path = SignupValidatorTest.swift; sourceTree = "<group>"; };
		AA8633812A49A58600AF11A2 /* NetworkingEndpointTests.swift */ = {isa = PBXFileReference; lastKnownFileType = sourcecode.swift; path = NetworkingEndpointTests.swift; sourceTree = "<group>"; };
		AA8633842A49B18C00AF11A2 /* MockURLSessionProtocol.swift */ = {isa = PBXFileReference; lastKnownFileType = sourcecode.swift; path = MockURLSessionProtocol.swift; sourceTree = "<group>"; };
		AA8633872A49B37200AF11A2 /* NetworkingManagerTests.swift */ = {isa = PBXFileReference; lastKnownFileType = sourcecode.swift; path = NetworkingManagerTests.swift; sourceTree = "<group>"; };
		AA86338C2A49C54F00AF11A2 /* TeacherStaticTestData.json */ = {isa = PBXFileReference; fileEncoding = 4; lastKnownFileType = text.json; path = TeacherStaticTestData.json; sourceTree = "<group>"; };
		AA86338E2A49C8F100AF11A2 /* StaticJSONMapper.swift */ = {isa = PBXFileReference; lastKnownFileType = sourcecode.swift; path = StaticJSONMapper.swift; sourceTree = "<group>"; };
		AA8633912A49E30B00AF11A2 /* TeacherVMSuccessTests.swift */ = {isa = PBXFileReference; lastKnownFileType = sourcecode.swift; path = TeacherVMSuccessTests.swift; sourceTree = "<group>"; };
		AA8633932A49E36F00AF11A2 /* NetworkingManagerTeacherResponseSuccessMock.swift */ = {isa = PBXFileReference; lastKnownFileType = sourcecode.swift; path = NetworkingManagerTeacherResponseSuccessMock.swift; sourceTree = "<group>"; };
		AA8633962A4AD32000AF11A2 /* SearchResultsVMSuccessTests.swift */ = {isa = PBXFileReference; lastKnownFileType = sourcecode.swift; path = SearchResultsVMSuccessTests.swift; sourceTree = "<group>"; };
		AA8633982A4AD52E00AF11A2 /* NetworkingManagerTeacherSearchResponseSuccessMock.swift */ = {isa = PBXFileReference; lastKnownFileType = sourcecode.swift; path = NetworkingManagerTeacherSearchResponseSuccessMock.swift; sourceTree = "<group>"; };
		AA86339A2A4AD6EB00AF11A2 /* TeacherSearchStaticTestData.json */ = {isa = PBXFileReference; fileEncoding = 4; lastKnownFileType = text.json; path = TeacherSearchStaticTestData.json; sourceTree = "<group>"; };
		AA86339C2A4B1F1200AF11A2 /* SearchResultsVMFailureTests.swift */ = {isa = PBXFileReference; lastKnownFileType = sourcecode.swift; path = SearchResultsVMFailureTests.swift; sourceTree = "<group>"; };
		AA86339E2A4B1F5300AF11A2 /* NetworkingManagerTeacherSearchResponseFailureMock.swift */ = {isa = PBXFileReference; lastKnownFileType = sourcecode.swift; path = NetworkingManagerTeacherSearchResponseFailureMock.swift; sourceTree = "<group>"; };
		AA8633A22A4B2BE400AF11A2 /* NetworkingManagerTeacherResponseFailureMock.swift */ = {isa = PBXFileReference; lastKnownFileType = sourcecode.swift; path = NetworkingManagerTeacherResponseFailureMock.swift; sourceTree = "<group>"; };
		AA8633A42A4B2DAC00AF11A2 /* TeacherVMFailureTests.swift */ = {isa = PBXFileReference; lastKnownFileType = sourcecode.swift; path = TeacherVMFailureTests.swift; sourceTree = "<group>"; };
		AA8633AB2A4C4BF600AF11A2 /* Error&State.swift */ = {isa = PBXFileReference; lastKnownFileType = sourcecode.swift; path = "Error&State.swift"; sourceTree = "<group>"; };
		AA8633B22A4DC31700AF11A2 /* BookingVM.swift */ = {isa = PBXFileReference; lastKnownFileType = sourcecode.swift; path = BookingVM.swift; sourceTree = "<group>"; };
		AA8633B42A4DC33D00AF11A2 /* BookingModel.swift */ = {isa = PBXFileReference; lastKnownFileType = sourcecode.swift; path = BookingModel.swift; sourceTree = "<group>"; };
		AA8633B62A4DC4F900AF11A2 /* BookingView.swift */ = {isa = PBXFileReference; lastKnownFileType = sourcecode.swift; path = BookingView.swift; sourceTree = "<group>"; };
		AA8633B82A54410100AF11A2 /* MakeBookingView.swift */ = {isa = PBXFileReference; lastKnownFileType = sourcecode.swift; path = MakeBookingView.swift; sourceTree = "<group>"; };
		AA8633BA2A5579D600AF11A2 /* SearchValidator.swift */ = {isa = PBXFileReference; lastKnownFileType = sourcecode.swift; path = SearchValidator.swift; sourceTree = "<group>"; };
		AA8633C12A55B7E200AF11A2 /* NotificationCountView.swift */ = {isa = PBXFileReference; lastKnownFileType = sourcecode.swift; path = NotificationCountView.swift; sourceTree = "<group>"; };
		AA8633CF2A58007400AF11A2 /* UserBookingsView.swift */ = {isa = PBXFileReference; lastKnownFileType = sourcecode.swift; path = UserBookingsView.swift; sourceTree = "<group>"; };
		AA8633D12A58008300AF11A2 /* UserBookingsVM.swift */ = {isa = PBXFileReference; lastKnownFileType = sourcecode.swift; path = UserBookingsVM.swift; sourceTree = "<group>"; };
		AA8633D42A58009D00AF11A2 /* UserBookingsModel.swift */ = {isa = PBXFileReference; lastKnownFileType = sourcecode.swift; path = UserBookingsModel.swift; sourceTree = "<group>"; };
		AA8633D62A5C2A6900AF11A2 /* Filters.swift */ = {isa = PBXFileReference; lastKnownFileType = sourcecode.swift; path = Filters.swift; sourceTree = "<group>"; };
		AA8633D82A5C3D2500AF11A2 /* InstrumentGradeView.swift */ = {isa = PBXFileReference; lastKnownFileType = sourcecode.swift; path = InstrumentGradeView.swift; sourceTree = "<group>"; };
		AA8633DA2A5C5D3D00AF11A2 /* CancelUserBookingView.swift */ = {isa = PBXFileReference; lastKnownFileType = sourcecode.swift; path = CancelUserBookingView.swift; sourceTree = "<group>"; };
		AA8633DC2A5D709700AF11A2 /* ProfileView.swift */ = {isa = PBXFileReference; lastKnownFileType = sourcecode.swift; path = ProfileView.swift; sourceTree = "<group>"; };
		AA8633E02A5DA24100AF11A2 /* LoginResponseTestData.json */ = {isa = PBXFileReference; fileEncoding = 4; lastKnownFileType = text.json; path = LoginResponseTestData.json; sourceTree = "<group>"; };
		AA8633E22A5EB29E00AF11A2 /* ImagePicker.swift */ = {isa = PBXFileReference; lastKnownFileType = sourcecode.swift; path = ImagePicker.swift; sourceTree = "<group>"; };
		AA8633E42A6151F400AF11A2 /* ImagePickerVM.swift */ = {isa = PBXFileReference; lastKnownFileType = sourcecode.swift; path = ImagePickerVM.swift; sourceTree = "<group>"; };
		AA8633E62A61557200AF11A2 /* Data.swift */ = {isa = PBXFileReference; lastKnownFileType = sourcecode.swift; path = Data.swift; sourceTree = "<group>"; };
		AA8633E82A616BD200AF11A2 /* SignInSignUpView.swift */ = {isa = PBXFileReference; lastKnownFileType = sourcecode.swift; path = SignInSignUpView.swift; sourceTree = "<group>"; };
		AAE4ED1A2A3BAFED00ED630C /* HeadingView.swift */ = {isa = PBXFileReference; lastKnownFileType = sourcecode.swift; path = HeadingView.swift; sourceTree = "<group>"; };
		AAE4ED1C2A3BB50B00ED630C /* Color.swift */ = {isa = PBXFileReference; lastKnownFileType = sourcecode.swift; path = Color.swift; sourceTree = "<group>"; };
		AAF4C31D2A38AA5B0082C142 /* MusicApp.app */ = {isa = PBXFileReference; explicitFileType = wrapper.application; includeInIndex = 0; path = MusicApp.app; sourceTree = BUILT_PRODUCTS_DIR; };
		AAF4C3202A38AA5B0082C142 /* MusicApp.swift */ = {isa = PBXFileReference; lastKnownFileType = sourcecode.swift; path = MusicApp.swift; sourceTree = "<group>"; };
		AAF4C3242A38AA5C0082C142 /* Assets.xcassets */ = {isa = PBXFileReference; lastKnownFileType = folder.assetcatalog; path = Assets.xcassets; sourceTree = "<group>"; };
		AAF4C3272A38AA5C0082C142 /* Preview Assets.xcassets */ = {isa = PBXFileReference; lastKnownFileType = folder.assetcatalog; path = "Preview Assets.xcassets"; sourceTree = "<group>"; };
		AAF4C3302A38AACF0082C142 /* TeacherView.swift */ = {isa = PBXFileReference; lastKnownFileType = sourcecode.swift; path = TeacherView.swift; sourceTree = "<group>"; };
		AAF4C3322A38AAE20082C142 /* TeacherVM.swift */ = {isa = PBXFileReference; lastKnownFileType = sourcecode.swift; path = TeacherVM.swift; sourceTree = "<group>"; };
		AAF4C3352A38AB220082C142 /* TeacherModel.swift */ = {isa = PBXFileReference; lastKnownFileType = sourcecode.swift; path = TeacherModel.swift; sourceTree = "<group>"; };
		AAF4C3382A38B6770082C142 /* NetworkingManager.swift */ = {isa = PBXFileReference; lastKnownFileType = sourcecode.swift; path = NetworkingManager.swift; sourceTree = "<group>"; };
		AAF4C33C2A38CA6F0082C142 /* Endpoint.swift */ = {isa = PBXFileReference; lastKnownFileType = sourcecode.swift; path = Endpoint.swift; sourceTree = "<group>"; };
		AAF4C3422A39D4AF0082C142 /* MusicAppTests.xctest */ = {isa = PBXFileReference; explicitFileType = wrapper.cfbundle; includeInIndex = 0; path = MusicAppTests.xctest; sourceTree = BUILT_PRODUCTS_DIR; };
		AAF4C34B2A39D8C50082C142 /* SignupModel.swift */ = {isa = PBXFileReference; lastKnownFileType = sourcecode.swift; path = SignupModel.swift; sourceTree = "<group>"; };
		AAF4C34E2A39D91E0082C142 /* SignUpVM.swift */ = {isa = PBXFileReference; lastKnownFileType = sourcecode.swift; path = SignUpVM.swift; sourceTree = "<group>"; };
		AAF4C3502A39D9E80082C142 /* SignupView.swift */ = {isa = PBXFileReference; lastKnownFileType = sourcecode.swift; path = SignupView.swift; sourceTree = "<group>"; };
		AAF4C3532A39F9040082C142 /* SignupValidator.swift */ = {isa = PBXFileReference; lastKnownFileType = sourcecode.swift; path = SignupValidator.swift; sourceTree = "<group>"; };
/* End PBXFileReference section */

/* Begin PBXFrameworksBuildPhase section */
		AAF4C31A2A38AA5B0082C142 /* Frameworks */ = {
			isa = PBXFrameworksBuildPhase;
			buildActionMask = 2147483647;
			files = (
				AA8633BE2A559DE800AF11A2 /* SocketIO in Frameworks */,
			);
			runOnlyForDeploymentPostprocessing = 0;
		};
		AAF4C33F2A39D4AF0082C142 /* Frameworks */ = {
			isa = PBXFrameworksBuildPhase;
			buildActionMask = 2147483647;
			files = (
			);
			runOnlyForDeploymentPostprocessing = 0;
		};
/* End PBXFrameworksBuildPhase section */

/* Begin PBXGroup section */
		AA400A422A3B5AF4006C5448 /* Extensions */ = {
			isa = PBXGroup;
			children = (
				AAE4ED1C2A3BB50B00ED630C /* Color.swift */,
				AA17C6482A3CA0D2006F04FD /* Date.swift */,
				AA0B356E2A4094A700BD9A08 /* Double.swift */,
				AA0B35772A40A4D400BD9A08 /* MKCoordinateRegion.swift */,
				AA5520352A45897D0089225B /* PreviewProvider.swift */,
				AA8633E62A61557200AF11A2 /* Data.swift */,
			);
			path = Extensions;
			sourceTree = "<group>";
		};
		AA55203E2A4994300089225B /* Form */ = {
			isa = PBXGroup;
			children = (
				AA55203F2A4994690089225B /* SignupValidatorTest.swift */,
			);
			path = Form;
			sourceTree = "<group>";
		};
		AA86337F2A49A53800AF11A2 /* Networking */ = {
			isa = PBXGroup;
			children = (
				AA8633802A49A56100AF11A2 /* Endpoint */,
				AA8633862A49B34600AF11A2 /* NetworkingManager */,
				AA8633832A49B16D00AF11A2 /* Mocks */,
			);
			path = Networking;
			sourceTree = "<group>";
		};
		AA8633802A49A56100AF11A2 /* Endpoint */ = {
			isa = PBXGroup;
			children = (
				AA8633812A49A58600AF11A2 /* NetworkingEndpointTests.swift */,
			);
			path = Endpoint;
			sourceTree = "<group>";
		};
		AA8633832A49B16D00AF11A2 /* Mocks */ = {
			isa = PBXGroup;
			children = (
				AA8633842A49B18C00AF11A2 /* MockURLSessionProtocol.swift */,
				AA8633A12A4B285300AF11A2 /* TeacherResponse */,
				AA8633A02A4B284200AF11A2 /* TeacherSearchResponse */,
			);
			path = Mocks;
			sourceTree = "<group>";
		};
		AA8633862A49B34600AF11A2 /* NetworkingManager */ = {
			isa = PBXGroup;
			children = (
				AA8633872A49B37200AF11A2 /* NetworkingManagerTests.swift */,
			);
			path = NetworkingManager;
			sourceTree = "<group>";
		};
		AA8633892A49C4C600AF11A2 /* Assets */ = {
			isa = PBXGroup;
			children = (
				AA8633E02A5DA24100AF11A2 /* LoginResponseTestData.json */,
				AA86339A2A4AD6EB00AF11A2 /* TeacherSearchStaticTestData.json */,
				AA86338C2A49C54F00AF11A2 /* TeacherStaticTestData.json */,
			);
			path = Assets;
			sourceTree = "<group>";
		};
		AA8633902A49E2EC00AF11A2 /* Teacher */ = {
			isa = PBXGroup;
			children = (
				AA8633912A49E30B00AF11A2 /* TeacherVMSuccessTests.swift */,
				AA8633A42A4B2DAC00AF11A2 /* TeacherVMFailureTests.swift */,
			);
			path = Teacher;
			sourceTree = "<group>";
		};
		AA8633952A4AD30600AF11A2 /* SearchResults */ = {
			isa = PBXGroup;
			children = (
				AA8633962A4AD32000AF11A2 /* SearchResultsVMSuccessTests.swift */,
				AA86339C2A4B1F1200AF11A2 /* SearchResultsVMFailureTests.swift */,
			);
			path = SearchResults;
			sourceTree = "<group>";
		};
		AA8633A02A4B284200AF11A2 /* TeacherSearchResponse */ = {
			isa = PBXGroup;
			children = (
				AA8633982A4AD52E00AF11A2 /* NetworkingManagerTeacherSearchResponseSuccessMock.swift */,
				AA86339E2A4B1F5300AF11A2 /* NetworkingManagerTeacherSearchResponseFailureMock.swift */,
			);
			path = TeacherSearchResponse;
			sourceTree = "<group>";
		};
		AA8633A12A4B285300AF11A2 /* TeacherResponse */ = {
			isa = PBXGroup;
			children = (
				AA8633932A49E36F00AF11A2 /* NetworkingManagerTeacherResponseSuccessMock.swift */,
				AA8633A22A4B2BE400AF11A2 /* NetworkingManagerTeacherResponseFailureMock.swift */,
			);
			path = TeacherResponse;
			sourceTree = "<group>";
		};
		AA8633A62A4C3D5500AF11A2 /* Lifecycle */ = {
			isa = PBXGroup;
			children = (
				AAF4C3202A38AA5B0082C142 /* MusicApp.swift */,
				AA400A3F2A3B370D006C5448 /* Global.swift */,
			);
			path = Lifecycle;
			sourceTree = "<group>";
		};
		AA8633A72A4C3DBF00AF11A2 /* ViewModels */ = {
			isa = PBXGroup;
			children = (
				AA8633CA2A56FA4E00AF11A2 /* Find */,
				AA8633C92A56FA4900AF11A2 /* Book */,
				AA8633C82A56FA4100AF11A2 /* Chat */,
				AA8633C72A56FA3D00AF11A2 /* More */,
			);
			path = ViewModels;
			sourceTree = "<group>";
		};
		AA8633A82A4C3E3C00AF11A2 /* Views */ = {
			isa = PBXGroup;
			children = (
				AA8633C32A56F9CE00AF11A2 /* Find */,
				AA8633C52A56FA1A00AF11A2 /* Book */,
				AA8633C42A56F9FA00AF11A2 /* Chat */,
				AA8633C62A56FA2400AF11A2 /* More */,
				AAE4ED172A3BAFBF00ED630C /* Components */,
			);
			path = Views;
			sourceTree = "<group>";
		};
		AA8633A92A4C3F2300AF11A2 /* Validators */ = {
			isa = PBXGroup;
			children = (
				AAF4C3532A39F9040082C142 /* SignupValidator.swift */,
				AA8633BA2A5579D600AF11A2 /* SearchValidator.swift */,
			);
			path = Validators;
			sourceTree = "<group>";
		};
		AA8633AA2A4C4BDF00AF11A2 /* Enums */ = {
			isa = PBXGroup;
			children = (
				AA8633AB2A4C4BF600AF11A2 /* Error&State.swift */,
				AAF4C33C2A38CA6F0082C142 /* Endpoint.swift */,
				AA8633D62A5C2A6900AF11A2 /* Filters.swift */,
			);
			path = Enums;
			sourceTree = "<group>";
		};
		AA8633AF2A4C4EE100AF11A2 /* CachedImage */ = {
			isa = PBXGroup;
			children = (
				AA0B35682A4065E900BD9A08 /* CachedImageManager.swift */,
				AA0B356A2A40664800BD9A08 /* CachedImage.swift */,
			);
			path = CachedImage;
			sourceTree = "<group>";
		};
		AA8633C32A56F9CE00AF11A2 /* Find */ = {
			isa = PBXGroup;
			children = (
				AA5520262A41B6A40089225B /* SearchView.swift */,
				AA55201E2A41A2BB0089225B /* LocationFinderView.swift */,
				AA17C64B2A3CB3F5006F04FD /* SearchResultsView.swift */,
				AA55202A2A41F7010089225B /* SearchResultsRowView.swift */,
				AAF4C3302A38AACF0082C142 /* TeacherView.swift */,
			);
			path = Find;
			sourceTree = "<group>";
		};
		AA8633C42A56F9FA00AF11A2 /* Chat */ = {
			isa = PBXGroup;
			children = (
				AA5520382A45D2FB0089225B /* AllChatsView.swift */,
				AA55202D2A4326750089225B /* ChatView.swift */,
			);
			path = Chat;
			sourceTree = "<group>";
		};
		AA8633C52A56FA1A00AF11A2 /* Book */ = {
			isa = PBXGroup;
			children = (
				AA8633B62A4DC4F900AF11A2 /* BookingView.swift */,
				AA8633B82A54410100AF11A2 /* MakeBookingView.swift */,
				AA8633CF2A58007400AF11A2 /* UserBookingsView.swift */,
				AA8633DA2A5C5D3D00AF11A2 /* CancelUserBookingView.swift */,
			);
			path = Book;
			sourceTree = "<group>";
		};
		AA8633C62A56FA2400AF11A2 /* More */ = {
			isa = PBXGroup;
			children = (
				AA400A342A3B2A2E006C5448 /* MoreView.swift */,
				AA400A3D2A3B3260006C5448 /* SignInView.swift */,
				AAF4C3502A39D9E80082C142 /* SignupView.swift */,
				AA8633DC2A5D709700AF11A2 /* ProfileView.swift */,
				AA8633E22A5EB29E00AF11A2 /* ImagePicker.swift */,
				AA8633E82A616BD200AF11A2 /* SignInSignUpView.swift */,
			);
			path = More;
			sourceTree = "<group>";
		};
		AA8633C72A56FA3D00AF11A2 /* More */ = {
			isa = PBXGroup;
			children = (
				AA400A392A3B2FBF006C5448 /* SignInVM.swift */,
				AAF4C34E2A39D91E0082C142 /* SignUpVM.swift */,
				AA8633E42A6151F400AF11A2 /* ImagePickerVM.swift */,
			);
			path = More;
			sourceTree = "<group>";
		};
		AA8633C82A56FA4100AF11A2 /* Chat */ = {
			isa = PBXGroup;
			children = (
				AA55203C2A45D3E00089225B /* AllChatsVM.swift */,
				AA5520312A434CCA0089225B /* ChatVM.swift */,
			);
			path = Chat;
			sourceTree = "<group>";
		};
		AA8633C92A56FA4900AF11A2 /* Book */ = {
			isa = PBXGroup;
			children = (
				AA8633B22A4DC31700AF11A2 /* BookingVM.swift */,
				AA8633D12A58008300AF11A2 /* UserBookingsVM.swift */,
			);
			path = Book;
			sourceTree = "<group>";
		};
		AA8633CA2A56FA4E00AF11A2 /* Find */ = {
			isa = PBXGroup;
			children = (
				AA0B35812A41A0B900BD9A08 /* SearchVM.swift */,
				AA17C64D2A3CB501006F04FD /* SearchResultsVM.swift */,
				AAF4C3322A38AAE20082C142 /* TeacherVM.swift */,
			);
			path = Find;
			sourceTree = "<group>";
		};
		AA8633CB2A56FA8300AF11A2 /* More */ = {
			isa = PBXGroup;
			children = (
				AA5520332A449FD10089225B /* SignInModel.swift */,
				AAF4C34B2A39D8C50082C142 /* SignupModel.swift */,
			);
			path = More;
			sourceTree = "<group>";
		};
		AA8633CC2A56FA8800AF11A2 /* Chat */ = {
			isa = PBXGroup;
			children = (
				AA55202F2A434CB30089225B /* ChatModel.swift */,
				AA55203A2A45D3650089225B /* AllChatsModel.swift */,
			);
			path = Chat;
			sourceTree = "<group>";
		};
		AA8633CD2A56FA8C00AF11A2 /* Book */ = {
			isa = PBXGroup;
			children = (
				AA8633B42A4DC33D00AF11A2 /* BookingModel.swift */,
				AA8633D42A58009D00AF11A2 /* UserBookingsModel.swift */,
			);
			path = Book;
			sourceTree = "<group>";
		};
		AA8633CE2A56FAC000AF11A2 /* Find */ = {
			isa = PBXGroup;
			children = (
				AAF4C3352A38AB220082C142 /* TeacherModel.swift */,
				AA5520282A41C5F30089225B /* SearchModels.swift */,
				AA17C64F2A3CB51E006F04FD /* SearchResultsModel.swift */,
			);
			path = Find;
			sourceTree = "<group>";
		};
		AAE4ED172A3BAFBF00ED630C /* Components */ = {
			isa = PBXGroup;
			children = (
				AAE4ED1A2A3BAFED00ED630C /* HeadingView.swift */,
				AA17C6512A3CF015006F04FD /* TimelineView.swift */,
				AA0B35612A3CF7B500BD9A08 /* TimelineView2.swift */,
				AA0B356C2A40737A00BD9A08 /* UserImageView.swift */,
				AA8633AF2A4C4EE100AF11A2 /* CachedImage */,
				AA8633C12A55B7E200AF11A2 /* NotificationCountView.swift */,
				AA8633D82A5C3D2500AF11A2 /* InstrumentGradeView.swift */,
			);
			path = Components;
			sourceTree = "<group>";
		};
		AAF4C3142A38AA5B0082C142 = {
			isa = PBXGroup;
			children = (
				AAF4C31F2A38AA5B0082C142 /* MusicApp */,
				AAF4C3432A39D4AF0082C142 /* MusicAppTests */,
				AAF4C31E2A38AA5B0082C142 /* Products */,
			);
			sourceTree = "<group>";
		};
		AAF4C31E2A38AA5B0082C142 /* Products */ = {
			isa = PBXGroup;
			children = (
				AAF4C31D2A38AA5B0082C142 /* MusicApp.app */,
				AAF4C3422A39D4AF0082C142 /* MusicAppTests.xctest */,
			);
			name = Products;
			sourceTree = "<group>";
		};
		AAF4C31F2A38AA5B0082C142 /* MusicApp */ = {
			isa = PBXGroup;
			children = (
				AA8633A62A4C3D5500AF11A2 /* Lifecycle */,
				AA8633A82A4C3E3C00AF11A2 /* Views */,
				AA8633A72A4C3DBF00AF11A2 /* ViewModels */,
				AAF4C3342A38AB0E0082C142 /* Models */,
				AA8633AA2A4C4BDF00AF11A2 /* Enums */,
				AA400A422A3B5AF4006C5448 /* Extensions */,
				AAF4C3372A38B66A0082C142 /* Utilities */,
				AA8633A92A4C3F2300AF11A2 /* Validators */,
				AA8633892A49C4C600AF11A2 /* Assets */,
				AAF4C3242A38AA5C0082C142 /* Assets.xcassets */,
				AAF4C3262A38AA5C0082C142 /* Preview Content */,
			);
			path = MusicApp;
			sourceTree = "<group>";
		};
		AAF4C3262A38AA5C0082C142 /* Preview Content */ = {
			isa = PBXGroup;
			children = (
				AAF4C3272A38AA5C0082C142 /* Preview Assets.xcassets */,
			);
			path = "Preview Content";
			sourceTree = "<group>";
		};
		AAF4C3342A38AB0E0082C142 /* Models */ = {
			isa = PBXGroup;
			children = (
				AA400A3B2A3B3173006C5448 /* ApiErrorModel.swift */,
				AA8633CE2A56FAC000AF11A2 /* Find */,
				AA8633CD2A56FA8C00AF11A2 /* Book */,
				AA8633CC2A56FA8800AF11A2 /* Chat */,
				AA8633CB2A56FA8300AF11A2 /* More */,
			);
			path = Models;
			sourceTree = "<group>";
		};
		AAF4C3372A38B66A0082C142 /* Utilities */ = {
			isa = PBXGroup;
			children = (
				AAF4C3382A38B6770082C142 /* NetworkingManager.swift */,
				AA0B35752A40A1E200BD9A08 /* LocationManager.swift */,
				AA86338E2A49C8F100AF11A2 /* StaticJSONMapper.swift */,
				AA0B35642A40628F00BD9A08 /* ImageRetriever.swift */,
				AA0B35662A40646100BD9A08 /* ImageCache.swift */,
			);
			path = Utilities;
			sourceTree = "<group>";
		};
		AAF4C3432A39D4AF0082C142 /* MusicAppTests */ = {
			isa = PBXGroup;
			children = (
				AA8633952A4AD30600AF11A2 /* SearchResults */,
				AA8633902A49E2EC00AF11A2 /* Teacher */,
				AA86337F2A49A53800AF11A2 /* Networking */,
				AA55203E2A4994300089225B /* Form */,
			);
			path = MusicAppTests;
			sourceTree = "<group>";
		};
/* End PBXGroup section */

/* Begin PBXNativeTarget section */
		AAF4C31C2A38AA5B0082C142 /* MusicApp */ = {
			isa = PBXNativeTarget;
			buildConfigurationList = AAF4C32B2A38AA5C0082C142 /* Build configuration list for PBXNativeTarget "MusicApp" */;
			buildPhases = (
				AAF4C3192A38AA5B0082C142 /* Sources */,
				AAF4C31A2A38AA5B0082C142 /* Frameworks */,
				AAF4C31B2A38AA5B0082C142 /* Resources */,
			);
			buildRules = (
			);
			dependencies = (
			);
			name = MusicApp;
			packageProductDependencies = (
				AA8633BD2A559DE800AF11A2 /* SocketIO */,
			);
			productName = MusicApp;
			productReference = AAF4C31D2A38AA5B0082C142 /* MusicApp.app */;
			productType = "com.apple.product-type.application";
		};
		AAF4C3412A39D4AF0082C142 /* MusicAppTests */ = {
			isa = PBXNativeTarget;
			buildConfigurationList = AAF4C3482A39D4AF0082C142 /* Build configuration list for PBXNativeTarget "MusicAppTests" */;
			buildPhases = (
				AAF4C33E2A39D4AF0082C142 /* Sources */,
				AAF4C33F2A39D4AF0082C142 /* Frameworks */,
				AAF4C3402A39D4AF0082C142 /* Resources */,
			);
			buildRules = (
			);
			dependencies = (
				AAF4C3472A39D4AF0082C142 /* PBXTargetDependency */,
			);
			name = MusicAppTests;
			productName = MusicAppTests;
			productReference = AAF4C3422A39D4AF0082C142 /* MusicAppTests.xctest */;
			productType = "com.apple.product-type.bundle.unit-test";
		};
/* End PBXNativeTarget section */

/* Begin PBXProject section */
		AAF4C3152A38AA5B0082C142 /* Project object */ = {
			isa = PBXProject;
			attributes = {
				BuildIndependentTargetsInParallel = 1;
				LastSwiftUpdateCheck = 1430;
				LastUpgradeCheck = 1430;
				TargetAttributes = {
					AAF4C31C2A38AA5B0082C142 = {
						CreatedOnToolsVersion = 14.3.1;
					};
					AAF4C3412A39D4AF0082C142 = {
						CreatedOnToolsVersion = 14.3.1;
						LastSwiftMigration = 1430;
						TestTargetID = AAF4C31C2A38AA5B0082C142;
					};
				};
			};
			buildConfigurationList = AAF4C3182A38AA5B0082C142 /* Build configuration list for PBXProject "MusicApp" */;
			compatibilityVersion = "Xcode 14.0";
			developmentRegion = en;
			hasScannedForEncodings = 0;
			knownRegions = (
				en,
				Base,
			);
			mainGroup = AAF4C3142A38AA5B0082C142;
			packageReferences = (
				AA8633BC2A559DE800AF11A2 /* XCRemoteSwiftPackageReference "socket" */,
			);
			productRefGroup = AAF4C31E2A38AA5B0082C142 /* Products */;
			projectDirPath = "";
			projectRoot = "";
			targets = (
				AAF4C31C2A38AA5B0082C142 /* MusicApp */,
				AAF4C3412A39D4AF0082C142 /* MusicAppTests */,
			);
		};
/* End PBXProject section */

/* Begin PBXResourcesBuildPhase section */
		AAF4C31B2A38AA5B0082C142 /* Resources */ = {
			isa = PBXResourcesBuildPhase;
			buildActionMask = 2147483647;
			files = (
				AA86339B2A4AD6EB00AF11A2 /* TeacherSearchStaticTestData.json in Resources */,
				AA86338D2A49C54F00AF11A2 /* TeacherStaticTestData.json in Resources */,
				AA8633E12A5DA24100AF11A2 /* LoginResponseTestData.json in Resources */,
				AAF4C3282A38AA5C0082C142 /* Preview Assets.xcassets in Resources */,
				AAF4C3252A38AA5C0082C142 /* Assets.xcassets in Resources */,
			);
			runOnlyForDeploymentPostprocessing = 0;
		};
		AAF4C3402A39D4AF0082C142 /* Resources */ = {
			isa = PBXResourcesBuildPhase;
			buildActionMask = 2147483647;
			files = (
			);
			runOnlyForDeploymentPostprocessing = 0;
		};
/* End PBXResourcesBuildPhase section */

/* Begin PBXSourcesBuildPhase section */
		AAF4C3192A38AA5B0082C142 /* Sources */ = {
			isa = PBXSourcesBuildPhase;
			buildActionMask = 2147483647;
			files = (
				AA0B35652A40628F00BD9A08 /* ImageRetriever.swift in Sources */,
				AAF4C33D2A38CA6F0082C142 /* Endpoint.swift in Sources */,
				AAF4C3542A39F9040082C142 /* SignupValidator.swift in Sources */,
				AA8633D52A58009D00AF11A2 /* UserBookingsModel.swift in Sources */,
				AA400A352A3B2A2E006C5448 /* MoreView.swift in Sources */,
				AA8633B72A4DC4F900AF11A2 /* BookingView.swift in Sources */,
				AA5520302A434CB30089225B /* ChatModel.swift in Sources */,
				AA0B35762A40A1E200BD9A08 /* LocationManager.swift in Sources */,
				AA8633D22A58008300AF11A2 /* UserBookingsVM.swift in Sources */,
				AA8633E92A616BD200AF11A2 /* SignInSignUpView.swift in Sources */,
				AA86338F2A49C8F100AF11A2 /* StaticJSONMapper.swift in Sources */,
				AA0B35822A41A0B900BD9A08 /* SearchVM.swift in Sources */,
				AA17C64E2A3CB501006F04FD /* SearchResultsVM.swift in Sources */,
				AA0B35622A3CF7B500BD9A08 /* TimelineView2.swift in Sources */,
				AA8633E72A61557200AF11A2 /* Data.swift in Sources */,
				AA400A3C2A3B3173006C5448 /* ApiErrorModel.swift in Sources */,
				AA8633B52A4DC33D00AF11A2 /* BookingModel.swift in Sources */,
				AA0B356F2A4094A700BD9A08 /* Double.swift in Sources */,
				AA8633DD2A5D709700AF11A2 /* ProfileView.swift in Sources */,
				AA0B356D2A40737A00BD9A08 /* UserImageView.swift in Sources */,
				AAF4C34C2A39D8C50082C142 /* SignupModel.swift in Sources */,
				AA55202E2A4326750089225B /* ChatView.swift in Sources */,
				AAF4C3512A39D9E80082C142 /* SignupView.swift in Sources */,
				AA17C6522A3CF015006F04FD /* TimelineView.swift in Sources */,
				AAF4C34F2A39D91E0082C142 /* SignUpVM.swift in Sources */,
				AA5520362A45897D0089225B /* PreviewProvider.swift in Sources */,
				AA0B35672A40646100BD9A08 /* ImageCache.swift in Sources */,
				AA0B35692A4065E900BD9A08 /* CachedImageManager.swift in Sources */,
				AA55202B2A41F7010089225B /* SearchResultsRowView.swift in Sources */,
				AA8633BB2A5579D600AF11A2 /* SearchValidator.swift in Sources */,
				AA8633B32A4DC31700AF11A2 /* BookingVM.swift in Sources */,
				AA8633AC2A4C4BF600AF11A2 /* Error&State.swift in Sources */,
				AA8633DB2A5C5D3D00AF11A2 /* CancelUserBookingView.swift in Sources */,
				AAF4C3362A38AB220082C142 /* TeacherModel.swift in Sources */,
				AA8633B92A54410100AF11A2 /* MakeBookingView.swift in Sources */,
				AA400A3E2A3B3260006C5448 /* SignInView.swift in Sources */,
				AA17C6492A3CA0D2006F04FD /* Date.swift in Sources */,
				AA5520272A41B6A40089225B /* SearchView.swift in Sources */,
				AA55201F2A41A2BB0089225B /* LocationFinderView.swift in Sources */,
				AA5520292A41C5F30089225B /* SearchModels.swift in Sources */,
				AA8633D02A58007400AF11A2 /* UserBookingsView.swift in Sources */,
				AAE4ED1D2A3BB50B00ED630C /* Color.swift in Sources */,
				AA55203B2A45D3650089225B /* AllChatsModel.swift in Sources */,
				AA5520322A434CCA0089225B /* ChatVM.swift in Sources */,
				AAF4C3332A38AAE20082C142 /* TeacherVM.swift in Sources */,
				AA8633D92A5C3D2500AF11A2 /* InstrumentGradeView.swift in Sources */,
				AAF4C3392A38B6770082C142 /* NetworkingManager.swift in Sources */,
				AA8633E52A6151F400AF11A2 /* ImagePickerVM.swift in Sources */,
				AAE4ED1B2A3BAFED00ED630C /* HeadingView.swift in Sources */,
				AA17C64C2A3CB3F5006F04FD /* SearchResultsView.swift in Sources */,
				AA55203D2A45D3E00089225B /* AllChatsVM.swift in Sources */,
				AA8633C22A55B7E200AF11A2 /* NotificationCountView.swift in Sources */,
				AAF4C3212A38AA5B0082C142 /* MusicApp.swift in Sources */,
				AA5520392A45D2FB0089225B /* AllChatsView.swift in Sources */,
				AA17C6502A3CB51E006F04FD /* SearchResultsModel.swift in Sources */,
				AA8633D72A5C2A6900AF11A2 /* Filters.swift in Sources */,
				AA5520342A449FD10089225B /* SignInModel.swift in Sources */,
				AAF4C3312A38AACF0082C142 /* TeacherView.swift in Sources */,
				AA400A3A2A3B2FBF006C5448 /* SignInVM.swift in Sources */,
				AA400A402A3B370D006C5448 /* Global.swift in Sources */,
				AA8633E32A5EB29E00AF11A2 /* ImagePicker.swift in Sources */,
				AA0B356B2A40664800BD9A08 /* CachedImage.swift in Sources */,
				AA0B35782A40A4D400BD9A08 /* MKCoordinateRegion.swift in Sources */,
			);
			runOnlyForDeploymentPostprocessing = 0;
		};
		AAF4C33E2A39D4AF0082C142 /* Sources */ = {
			isa = PBXSourcesBuildPhase;
			buildActionMask = 2147483647;
			files = (
				AA8633A32A4B2BE400AF11A2 /* NetworkingManagerTeacherResponseFailureMock.swift in Sources */,
				AA8633822A49A58600AF11A2 /* NetworkingEndpointTests.swift in Sources */,
				AA8633992A4AD52E00AF11A2 /* NetworkingManagerTeacherSearchResponseSuccessMock.swift in Sources */,
				AA86339F2A4B1F5300AF11A2 /* NetworkingManagerTeacherSearchResponseFailureMock.swift in Sources */,
				AA86339D2A4B1F1200AF11A2 /* SearchResultsVMFailureTests.swift in Sources */,
				AA8633972A4AD32000AF11A2 /* SearchResultsVMSuccessTests.swift in Sources */,
				AA8633882A49B37200AF11A2 /* NetworkingManagerTests.swift in Sources */,
				AA5520402A4994690089225B /* SignupValidatorTest.swift in Sources */,
				AA8633A52A4B2DAC00AF11A2 /* TeacherVMFailureTests.swift in Sources */,
				AA8633942A49E36F00AF11A2 /* NetworkingManagerTeacherResponseSuccessMock.swift in Sources */,
				AA8633922A49E30B00AF11A2 /* TeacherVMSuccessTests.swift in Sources */,
				AA8633852A49B18C00AF11A2 /* MockURLSessionProtocol.swift in Sources */,
			);
			runOnlyForDeploymentPostprocessing = 0;
		};
/* End PBXSourcesBuildPhase section */

/* Begin PBXTargetDependency section */
		AAF4C3472A39D4AF0082C142 /* PBXTargetDependency */ = {
			isa = PBXTargetDependency;
			target = AAF4C31C2A38AA5B0082C142 /* MusicApp */;
			targetProxy = AAF4C3462A39D4AF0082C142 /* PBXContainerItemProxy */;
		};
/* End PBXTargetDependency section */

/* Begin XCBuildConfiguration section */
		AAF4C3292A38AA5C0082C142 /* Debug */ = {
			isa = XCBuildConfiguration;
			buildSettings = {
				ALWAYS_SEARCH_USER_PATHS = NO;
				CLANG_ANALYZER_NONNULL = YES;
				CLANG_ANALYZER_NUMBER_OBJECT_CONVERSION = YES_AGGRESSIVE;
				CLANG_CXX_LANGUAGE_STANDARD = "gnu++20";
				CLANG_ENABLE_MODULES = YES;
				CLANG_ENABLE_OBJC_ARC = YES;
				CLANG_ENABLE_OBJC_WEAK = YES;
				CLANG_WARN_BLOCK_CAPTURE_AUTORELEASING = YES;
				CLANG_WARN_BOOL_CONVERSION = YES;
				CLANG_WARN_COMMA = YES;
				CLANG_WARN_CONSTANT_CONVERSION = YES;
				CLANG_WARN_DEPRECATED_OBJC_IMPLEMENTATIONS = YES;
				CLANG_WARN_DIRECT_OBJC_ISA_USAGE = YES_ERROR;
				CLANG_WARN_DOCUMENTATION_COMMENTS = YES;
				CLANG_WARN_EMPTY_BODY = YES;
				CLANG_WARN_ENUM_CONVERSION = YES;
				CLANG_WARN_INFINITE_RECURSION = YES;
				CLANG_WARN_INT_CONVERSION = YES;
				CLANG_WARN_NON_LITERAL_NULL_CONVERSION = YES;
				CLANG_WARN_OBJC_IMPLICIT_RETAIN_SELF = YES;
				CLANG_WARN_OBJC_LITERAL_CONVERSION = YES;
				CLANG_WARN_OBJC_ROOT_CLASS = YES_ERROR;
				CLANG_WARN_QUOTED_INCLUDE_IN_FRAMEWORK_HEADER = YES;
				CLANG_WARN_RANGE_LOOP_ANALYSIS = YES;
				CLANG_WARN_STRICT_PROTOTYPES = YES;
				CLANG_WARN_SUSPICIOUS_MOVE = YES;
				CLANG_WARN_UNGUARDED_AVAILABILITY = YES_AGGRESSIVE;
				CLANG_WARN_UNREACHABLE_CODE = YES;
				CLANG_WARN__DUPLICATE_METHOD_MATCH = YES;
				COPY_PHASE_STRIP = NO;
				DEBUG_INFORMATION_FORMAT = dwarf;
				ENABLE_STRICT_OBJC_MSGSEND = YES;
				ENABLE_TESTABILITY = YES;
				GCC_C_LANGUAGE_STANDARD = gnu11;
				GCC_DYNAMIC_NO_PIC = NO;
				GCC_NO_COMMON_BLOCKS = YES;
				GCC_OPTIMIZATION_LEVEL = 0;
				GCC_PREPROCESSOR_DEFINITIONS = (
					"DEBUG=1",
					"$(inherited)",
				);
				GCC_WARN_64_TO_32_BIT_CONVERSION = YES;
				GCC_WARN_ABOUT_RETURN_TYPE = YES_ERROR;
				GCC_WARN_UNDECLARED_SELECTOR = YES;
				GCC_WARN_UNINITIALIZED_AUTOS = YES_AGGRESSIVE;
				GCC_WARN_UNUSED_FUNCTION = YES;
				GCC_WARN_UNUSED_VARIABLE = YES;
				IPHONEOS_DEPLOYMENT_TARGET = 16.4;
				MTL_ENABLE_DEBUG_INFO = INCLUDE_SOURCE;
				MTL_FAST_MATH = YES;
				ONLY_ACTIVE_ARCH = YES;
				SDKROOT = iphoneos;
				SWIFT_ACTIVE_COMPILATION_CONDITIONS = DEBUG;
				SWIFT_OPTIMIZATION_LEVEL = "-Onone";
			};
			name = Debug;
		};
		AAF4C32A2A38AA5C0082C142 /* Release */ = {
			isa = XCBuildConfiguration;
			buildSettings = {
				ALWAYS_SEARCH_USER_PATHS = NO;
				CLANG_ANALYZER_NONNULL = YES;
				CLANG_ANALYZER_NUMBER_OBJECT_CONVERSION = YES_AGGRESSIVE;
				CLANG_CXX_LANGUAGE_STANDARD = "gnu++20";
				CLANG_ENABLE_MODULES = YES;
				CLANG_ENABLE_OBJC_ARC = YES;
				CLANG_ENABLE_OBJC_WEAK = YES;
				CLANG_WARN_BLOCK_CAPTURE_AUTORELEASING = YES;
				CLANG_WARN_BOOL_CONVERSION = YES;
				CLANG_WARN_COMMA = YES;
				CLANG_WARN_CONSTANT_CONVERSION = YES;
				CLANG_WARN_DEPRECATED_OBJC_IMPLEMENTATIONS = YES;
				CLANG_WARN_DIRECT_OBJC_ISA_USAGE = YES_ERROR;
				CLANG_WARN_DOCUMENTATION_COMMENTS = YES;
				CLANG_WARN_EMPTY_BODY = YES;
				CLANG_WARN_ENUM_CONVERSION = YES;
				CLANG_WARN_INFINITE_RECURSION = YES;
				CLANG_WARN_INT_CONVERSION = YES;
				CLANG_WARN_NON_LITERAL_NULL_CONVERSION = YES;
				CLANG_WARN_OBJC_IMPLICIT_RETAIN_SELF = YES;
				CLANG_WARN_OBJC_LITERAL_CONVERSION = YES;
				CLANG_WARN_OBJC_ROOT_CLASS = YES_ERROR;
				CLANG_WARN_QUOTED_INCLUDE_IN_FRAMEWORK_HEADER = YES;
				CLANG_WARN_RANGE_LOOP_ANALYSIS = YES;
				CLANG_WARN_STRICT_PROTOTYPES = YES;
				CLANG_WARN_SUSPICIOUS_MOVE = YES;
				CLANG_WARN_UNGUARDED_AVAILABILITY = YES_AGGRESSIVE;
				CLANG_WARN_UNREACHABLE_CODE = YES;
				CLANG_WARN__DUPLICATE_METHOD_MATCH = YES;
				COPY_PHASE_STRIP = NO;
				DEBUG_INFORMATION_FORMAT = "dwarf-with-dsym";
				ENABLE_NS_ASSERTIONS = NO;
				ENABLE_STRICT_OBJC_MSGSEND = YES;
				GCC_C_LANGUAGE_STANDARD = gnu11;
				GCC_NO_COMMON_BLOCKS = YES;
				GCC_WARN_64_TO_32_BIT_CONVERSION = YES;
				GCC_WARN_ABOUT_RETURN_TYPE = YES_ERROR;
				GCC_WARN_UNDECLARED_SELECTOR = YES;
				GCC_WARN_UNINITIALIZED_AUTOS = YES_AGGRESSIVE;
				GCC_WARN_UNUSED_FUNCTION = YES;
				GCC_WARN_UNUSED_VARIABLE = YES;
				IPHONEOS_DEPLOYMENT_TARGET = 16.4;
				MTL_ENABLE_DEBUG_INFO = NO;
				MTL_FAST_MATH = YES;
				SDKROOT = iphoneos;
				SWIFT_COMPILATION_MODE = wholemodule;
				SWIFT_OPTIMIZATION_LEVEL = "-O";
				VALIDATE_PRODUCT = YES;
			};
			name = Release;
		};
		AAF4C32C2A38AA5C0082C142 /* Debug */ = {
			isa = XCBuildConfiguration;
			buildSettings = {
				ASSETCATALOG_COMPILER_APPICON_NAME = AppIcon;
				ASSETCATALOG_COMPILER_GLOBAL_ACCENT_COLOR_NAME = AccentColor;
				CODE_SIGN_STYLE = Automatic;
				CURRENT_PROJECT_VERSION = 1;
				DEVELOPMENT_ASSET_PATHS = "\"MusicApp/Preview Content\"";
				DEVELOPMENT_TEAM = 4EDERT4V6A;
				ENABLE_PREVIEWS = YES;
				GENERATE_INFOPLIST_FILE = YES;
				INFOPLIST_FILE = MusicApp/Info.plist;
				INFOPLIST_KEY_CFBundleDisplayName = Treble;
				INFOPLIST_KEY_NSLocationAlwaysAndWhenInUseUsageDescription = "This app requires your location";
				INFOPLIST_KEY_NSLocationWhenInUseUsageDescription = "This app requires your location";
				INFOPLIST_KEY_UIApplicationSceneManifest_Generation = YES;
				INFOPLIST_KEY_UIApplicationSupportsIndirectInputEvents = YES;
				INFOPLIST_KEY_UILaunchScreen_Generation = YES;
				INFOPLIST_KEY_UISupportedInterfaceOrientations_iPad = "UIInterfaceOrientationPortrait UIInterfaceOrientationPortraitUpsideDown UIInterfaceOrientationLandscapeLeft UIInterfaceOrientationLandscapeRight";
				INFOPLIST_KEY_UISupportedInterfaceOrientations_iPhone = "UIInterfaceOrientationPortrait UIInterfaceOrientationLandscapeLeft UIInterfaceOrientationLandscapeRight";
				LD_RUNPATH_SEARCH_PATHS = (
					"$(inherited)",
					"@executable_path/Frameworks",
				);
				MARKETING_VERSION = 1.0;
				PRODUCT_BUNDLE_IDENTIFIER = com.stephenhanna.MusicApp;
				PRODUCT_NAME = "$(TARGET_NAME)";
				SWIFT_EMIT_LOC_STRINGS = YES;
				SWIFT_VERSION = 5.0;
				TARGETED_DEVICE_FAMILY = "1,2";
			};
			name = Debug;
		};
		AAF4C32D2A38AA5C0082C142 /* Release */ = {
			isa = XCBuildConfiguration;
			buildSettings = {
				ASSETCATALOG_COMPILER_APPICON_NAME = AppIcon;
				ASSETCATALOG_COMPILER_GLOBAL_ACCENT_COLOR_NAME = AccentColor;
				CODE_SIGN_STYLE = Automatic;
				CURRENT_PROJECT_VERSION = 1;
				DEVELOPMENT_ASSET_PATHS = "\"MusicApp/Preview Content\"";
				DEVELOPMENT_TEAM = 4EDERT4V6A;
				ENABLE_PREVIEWS = YES;
				GENERATE_INFOPLIST_FILE = YES;
				INFOPLIST_FILE = MusicApp/Info.plist;
				INFOPLIST_KEY_CFBundleDisplayName = Treble;
				INFOPLIST_KEY_NSLocationAlwaysAndWhenInUseUsageDescription = "This app requires your location";
				INFOPLIST_KEY_NSLocationWhenInUseUsageDescription = "This app requires your location";
				INFOPLIST_KEY_UIApplicationSceneManifest_Generation = YES;
				INFOPLIST_KEY_UIApplicationSupportsIndirectInputEvents = YES;
				INFOPLIST_KEY_UILaunchScreen_Generation = YES;
				INFOPLIST_KEY_UISupportedInterfaceOrientations_iPad = "UIInterfaceOrientationPortrait UIInterfaceOrientationPortraitUpsideDown UIInterfaceOrientationLandscapeLeft UIInterfaceOrientationLandscapeRight";
				INFOPLIST_KEY_UISupportedInterfaceOrientations_iPhone = "UIInterfaceOrientationPortrait UIInterfaceOrientationLandscapeLeft UIInterfaceOrientationLandscapeRight";
				LD_RUNPATH_SEARCH_PATHS = (
					"$(inherited)",
					"@executable_path/Frameworks",
				);
				MARKETING_VERSION = 1.0;
				PRODUCT_BUNDLE_IDENTIFIER = com.stephenhanna.MusicApp;
				PRODUCT_NAME = "$(TARGET_NAME)";
				SWIFT_EMIT_LOC_STRINGS = YES;
				SWIFT_VERSION = 5.0;
				TARGETED_DEVICE_FAMILY = "1,2";
			};
			name = Release;
		};
		AAF4C3492A39D4AF0082C142 /* Debug */ = {
			isa = XCBuildConfiguration;
			buildSettings = {
				BUNDLE_LOADER = "$(TEST_HOST)";
				CLANG_ENABLE_MODULES = YES;
				CODE_SIGN_STYLE = Automatic;
				CURRENT_PROJECT_VERSION = 1;
				DEVELOPMENT_TEAM = 4EDERT4V6A;
				GENERATE_INFOPLIST_FILE = YES;
				MARKETING_VERSION = 1.0;
				PRODUCT_BUNDLE_IDENTIFIER = com.stephenhanna.MusicAppTests;
				PRODUCT_NAME = "$(TARGET_NAME)";
				SWIFT_EMIT_LOC_STRINGS = NO;
				SWIFT_OPTIMIZATION_LEVEL = "-Onone";
				SWIFT_VERSION = 5.0;
				TARGETED_DEVICE_FAMILY = "1,2";
				TEST_HOST = "$(BUILT_PRODUCTS_DIR)/MusicApp.app/$(BUNDLE_EXECUTABLE_FOLDER_PATH)/MusicApp";
			};
			name = Debug;
		};
		AAF4C34A2A39D4AF0082C142 /* Release */ = {
			isa = XCBuildConfiguration;
			buildSettings = {
				BUNDLE_LOADER = "$(TEST_HOST)";
				CLANG_ENABLE_MODULES = YES;
				CODE_SIGN_STYLE = Automatic;
				CURRENT_PROJECT_VERSION = 1;
				DEVELOPMENT_TEAM = 4EDERT4V6A;
				GENERATE_INFOPLIST_FILE = YES;
				MARKETING_VERSION = 1.0;
				PRODUCT_BUNDLE_IDENTIFIER = com.stephenhanna.MusicAppTests;
				PRODUCT_NAME = "$(TARGET_NAME)";
				SWIFT_EMIT_LOC_STRINGS = NO;
				SWIFT_VERSION = 5.0;
				TARGETED_DEVICE_FAMILY = "1,2";
				TEST_HOST = "$(BUILT_PRODUCTS_DIR)/MusicApp.app/$(BUNDLE_EXECUTABLE_FOLDER_PATH)/MusicApp";
			};
			name = Release;
		};
/* End XCBuildConfiguration section */

/* Begin XCConfigurationList section */
		AAF4C3182A38AA5B0082C142 /* Build configuration list for PBXProject "MusicApp" */ = {
			isa = XCConfigurationList;
			buildConfigurations = (
				AAF4C3292A38AA5C0082C142 /* Debug */,
				AAF4C32A2A38AA5C0082C142 /* Release */,
			);
			defaultConfigurationIsVisible = 0;
			defaultConfigurationName = Release;
		};
		AAF4C32B2A38AA5C0082C142 /* Build configuration list for PBXNativeTarget "MusicApp" */ = {
			isa = XCConfigurationList;
			buildConfigurations = (
				AAF4C32C2A38AA5C0082C142 /* Debug */,
				AAF4C32D2A38AA5C0082C142 /* Release */,
			);
			defaultConfigurationIsVisible = 0;
			defaultConfigurationName = Release;
		};
		AAF4C3482A39D4AF0082C142 /* Build configuration list for PBXNativeTarget "MusicAppTests" */ = {
			isa = XCConfigurationList;
			buildConfigurations = (
				AAF4C3492A39D4AF0082C142 /* Debug */,
				AAF4C34A2A39D4AF0082C142 /* Release */,
			);
			defaultConfigurationIsVisible = 0;
			defaultConfigurationName = Release;
		};
/* End XCConfigurationList section */

/* Begin XCRemoteSwiftPackageReference section */
		AA8633BC2A559DE800AF11A2 /* XCRemoteSwiftPackageReference "socket" */ = {
			isa = XCRemoteSwiftPackageReference;
			repositoryURL = "https://github.com/socketio/socket.io-client-swift";
			requirement = {
				branch = master;
				kind = branch;
			};
		};
/* End XCRemoteSwiftPackageReference section */

/* Begin XCSwiftPackageProductDependency section */
		AA8633BD2A559DE800AF11A2 /* SocketIO */ = {
			isa = XCSwiftPackageProductDependency;
			package = AA8633BC2A559DE800AF11A2 /* XCRemoteSwiftPackageReference "socket" */;
			productName = SocketIO;
		};
/* End XCSwiftPackageProductDependency section */
	};
	rootObject = AAF4C3152A38AA5B0082C142 /* Project object */;
}
